{
  "originHash" : "9047c2a3a810158ee8122c8051ec06b1d04c18c65755a6f4712e5645be617a40",
  "pins" : [
    {
      "identity" : "audiokit",
      "kind" : "remoteSourceControl",
      "location" : "https://github.com/AudioKit/AudioKit.git",
      "state" : {
        "revision" : "2ebd422855e4645d3169f83d1765d1c8196b4f46",
        "version" : "5.6.4"
      }
    },
    {
      "identity" : "audiokitex",
      "kind" : "remoteSourceControl",
      "location" : "https://github.com/AudioKit/AudioKitEX",
      "state" : {
        "revision" : "58fa4a002028a2addf96466dd5ad68182e7d387e",
        "version" : "5.6.0"
      }
    },
    {
      "identity" : "dunneaudiokit",
      "kind" : "remoteSourceControl",
      "location" : "https://github.com/AudioKit/DunneAudioKit.git",
      "state" : {
        "revision" : "dd0a417239ba345e03ca8ffe936d052d6a8239ea",
        "version" : "5.6.1"
      }
    },
    {
      "identity" : "kissfft",
      "kind" : "remoteSourceControl",
      "location" : "https://github.com/AudioKit/KissFFT",
      "state" : {
        "revision" : "dd0636e151724b8ba2e0908eba4d99a6ff24d00c",
        "version" : "1.0.0"
      }
    },
    {
      "identity" : "midikit",
      "kind" : "remoteSourceControl",
      "location" : "https://github.com/orchetect/MIDIKit",
      "state" : {
        "revision" : "6902607ec98a4b8b54cac6d2a4d89fd860284819",
        "version" : "0.10.1"
      }
    },
    {
      "identity" : "timecodekit",
      "kind" : "remoteSourceControl",
      "location" : "https://github.com/orchetect/TimecodeKit",
      "state" : {
        "revision" : "1014b5723a7eaa93eeb2ea2f52dfd9ea6eb6be0d",
        "version" : "2.3.3"
      }
    }
  ],
  "version" : 3
}
