// !$*UTF8*$!
{
	archiveVersion = 1;
	classes = {
	};
	objectVersion = 60;
	objects = {

/* Begin PBXBuildFile section */
		B02440192BAF71710058EABF /* Tonic in Frameworks */ = {isa = PBXBuildFile; productRef = B02440182BAF71710058EABF /* Tonic */; };
		B024401C2BAF71870058EABF /* Keyboard in Frameworks */ = {isa = PBXBuildFile; productRef = B024401B2BAF71870058EABF /* Keyboard */; };
		B024401E2BB0644D0058EABF /* ViewConductor.swift in Sources */ = {isa = PBXBuildFile; fileRef = B024401D2BB0644D0058EABF /* ViewConductor.swift */; };
		B02673442BAF6C7C00DDFA62 /* HomeyPadApp.swift in Sources */ = {isa = PBXBuildFile; fileRef = B02673432BAF6C7C00DDFA62 /* HomeyPadApp.swift */; };
		B02673462BAF6C7C00DDFA62 /* ContentView.swift in Sources */ = {isa = PBXBuildFile; fileRef = B02673452BAF6C7C00DDFA62 /* ContentView.swift */; };
		B02673482BAF6C7D00DDFA62 /* Assets.xcassets in Resources */ = {isa = PBXBuildFile; fileRef = B02673472BAF6C7D00DDFA62 /* Assets.xcassets */; };
		B026734B2BAF6C7D00DDFA62 /* Preview Assets.xcassets in Resources */ = {isa = PBXBuildFile; fileRef = B026734A2BAF6C7D00DDFA62 /* Preview Assets.xcassets */; };
		B05097262BAF7096005F62EC /* Tonic in Frameworks */ = {isa = PBXBuildFile; productRef = B05097252BAF7096005F62EC /* Tonic */; };
		B0CF94CD2BB09E6E00E5EABE /* KeyboardLayoutPickerView.swift in Sources */ = {isa = PBXBuildFile; fileRef = B0CF94CC2BB09E6E00E5EABE /* KeyboardLayoutPickerView.swift */; };
/* End PBXBuildFile section */

/* Begin PBXFileReference section */
		B024401D2BB0644D0058EABF /* ViewConductor.swift */ = {isa = PBXFileReference; lastKnownFileType = sourcecode.swift; path = ViewConductor.swift; sourceTree = "<group>"; };
		B02673402BAF6C7C00DDFA62 /* HomeyPad.app */ = {isa = PBXFileReference; explicitFileType = wrapper.application; includeInIndex = 0; path = HomeyPad.app; sourceTree = BUILT_PRODUCTS_DIR; };
		B02673432BAF6C7C00DDFA62 /* HomeyPadApp.swift */ = {isa = PBXFileReference; lastKnownFileType = sourcecode.swift; path = HomeyPadApp.swift; sourceTree = "<group>"; };
		B02673452BAF6C7C00DDFA62 /* ContentView.swift */ = {isa = PBXFileReference; lastKnownFileType = sourcecode.swift; path = ContentView.swift; sourceTree = "<group>"; };
		B02673472BAF6C7D00DDFA62 /* Assets.xcassets */ = {isa = PBXFileReference; lastKnownFileType = folder.assetcatalog; path = Assets.xcassets; sourceTree = "<group>"; };
		B026734A2BAF6C7D00DDFA62 /* Preview Assets.xcassets */ = {isa = PBXFileReference; lastKnownFileType = folder.assetcatalog; path = "Preview Assets.xcassets"; sourceTree = "<group>"; };
		B0CF94CC2BB09E6E00E5EABE /* KeyboardLayoutPickerView.swift */ = {isa = PBXFileReference; lastKnownFileType = sourcecode.swift; path = KeyboardLayoutPickerView.swift; sourceTree = "<group>"; };
/* End PBXFileReference section */

/* Begin PBXFrameworksBuildPhase section */
		B026733D2BAF6C7C00DDFA62 /* Frameworks */ = {
			isa = PBXFrameworksBuildPhase;
			buildActionMask = 2147483647;
			files = (
				B024401C2BAF71870058EABF /* Keyboard in Frameworks */,
				B02440192BAF71710058EABF /* Tonic in Frameworks */,
				B05097262BAF7096005F62EC /* Tonic in Frameworks */,
			);
			runOnlyForDeploymentPostprocessing = 0;
		};
/* End PBXFrameworksBuildPhase section */

/* Begin PBXGroup section */
		B02673372BAF6C7C00DDFA62 = {
			isa = PBXGroup;
			children = (
				B02673422BAF6C7C00DDFA62 /* HomeyPad */,
				B02673412BAF6C7C00DDFA62 /* Products */,
			);
			sourceTree = "<group>";
		};
		B02673412BAF6C7C00DDFA62 /* Products */ = {
			isa = PBXGroup;
			children = (
				B02673402BAF6C7C00DDFA62 /* HomeyPad.app */,
			);
			name = Products;
			sourceTree = "<group>";
		};
		B02673422BAF6C7C00DDFA62 /* HomeyPad */ = {
			isa = PBXGroup;
			children = (
				B02673432BAF6C7C00DDFA62 /* HomeyPadApp.swift */,
				B02673452BAF6C7C00DDFA62 /* ContentView.swift */,
				B0CF94CC2BB09E6E00E5EABE /* KeyboardLayoutPickerView.swift */,
				B02673472BAF6C7D00DDFA62 /* Assets.xcassets */,
				B02673492BAF6C7D00DDFA62 /* Preview Content */,
				B024401D2BB0644D0058EABF /* ViewConductor.swift */,
			);
			path = HomeyPad;
			sourceTree = "<group>";
		};
		B02673492BAF6C7D00DDFA62 /* Preview Content */ = {
			isa = PBXGroup;
			children = (
				B026734A2BAF6C7D00DDFA62 /* Preview Assets.xcassets */,
			);
			path = "Preview Content";
			sourceTree = "<group>";
		};
/* End PBXGroup section */

/* Begin PBXNativeTarget section */
		B026733F2BAF6C7C00DDFA62 /* HomeyPad */ = {
			isa = PBXNativeTarget;
			buildConfigurationList = B026734E2BAF6C7D00DDFA62 /* Build configuration list for PBXNativeTarget "HomeyPad" */;
			buildPhases = (
				B026733C2BAF6C7C00DDFA62 /* Sources */,
				B026733D2BAF6C7C00DDFA62 /* Frameworks */,
				B026733E2BAF6C7C00DDFA62 /* Resources */,
			);
			buildRules = (
			);
			dependencies = (
			);
			name = HomeyPad;
			packageProductDependencies = (
				B05097252BAF7096005F62EC /* Tonic */,
				B02440182BAF71710058EABF /* Tonic */,
				B024401B2BAF71870058EABF /* Keyboard */,
			);
			productName = HomeyPad;
			productReference = B02673402BAF6C7C00DDFA62 /* HomeyPad.app */;
			productType = "com.apple.product-type.application";
		};
/* End PBXNativeTarget section */

/* Begin PBXProject section */
		B02673382BAF6C7C00DDFA62 /* Project object */ = {
			isa = PBXProject;
			attributes = {
				BuildIndependentTargetsInParallel = 1;
				LastSwiftUpdateCheck = 1530;
				LastUpgradeCheck = 1530;
				TargetAttributes = {
					B026733F2BAF6C7C00DDFA62 = {
						CreatedOnToolsVersion = 15.3;
					};
				};
			};
			buildConfigurationList = B026733B2BAF6C7C00DDFA62 /* Build configuration list for PBXProject "HomeyPad" */;
			compatibilityVersion = "Xcode 14.0";
			developmentRegion = en;
			hasScannedForEncodings = 0;
			knownRegions = (
				en,
				Base,
			);
			mainGroup = B02673372BAF6C7C00DDFA62;
			packageReferences = (
				B02440172BAF71710058EABF /* XCLocalSwiftPackageReference "../Tonic" */,
				B024401A2BAF71870058EABF /* XCLocalSwiftPackageReference "../Keyboard" */,
			);
			productRefGroup = B02673412BAF6C7C00DDFA62 /* Products */;
			projectDirPath = "";
			projectRoot = "";
			targets = (
				B026733F2BAF6C7C00DDFA62 /* HomeyPad */,
			);
		};
/* End PBXProject section */

/* Begin PBXResourcesBuildPhase section */
		B026733E2BAF6C7C00DDFA62 /* Resources */ = {
			isa = PBXResourcesBuildPhase;
			buildActionMask = 2147483647;
			files = (
				B026734B2BAF6C7D00DDFA62 /* Preview Assets.xcassets in Resources */,
				B02673482BAF6C7D00DDFA62 /* Assets.xcassets in Resources */,
			);
			runOnlyForDeploymentPostprocessing = 0;
		};
/* End PBXResourcesBuildPhase section */

/* Begin PBXSourcesBuildPhase section */
		B026733C2BAF6C7C00DDFA62 /* Sources */ = {
			isa = PBXSourcesBuildPhase;
			buildActionMask = 2147483647;
			files = (
				B02673462BAF6C7C00DDFA62 /* ContentView.swift in Sources */,
				B0CF94CD2BB09E6E00E5EABE /* KeyboardLayoutPickerView.swift in Sources */,
				B02673442BAF6C7C00DDFA62 /* HomeyPadApp.swift in Sources */,
				B024401E2BB0644D0058EABF /* ViewConductor.swift in Sources */,
			);
			runOnlyForDeploymentPostprocessing = 0;
		};
/* End PBXSourcesBuildPhase section */

/* Begin XCBuildConfiguration section */
		B026734C2BAF6C7D00DDFA62 /* Debug */ = {
			isa = XCBuildConfiguration;
			buildSettings = {
				ALWAYS_SEARCH_USER_PATHS = NO;
				ASSETCATALOG_COMPILER_GENERATE_SWIFT_ASSET_SYMBOL_EXTENSIONS = YES;
				CLANG_ANALYZER_NONNULL = YES;
				CLANG_ANALYZER_NUMBER_OBJECT_CONVERSION = YES_AGGRESSIVE;
				CLANG_CXX_LANGUAGE_STANDARD = "gnu++20";
				CLANG_ENABLE_MODULES = YES;
				CLANG_ENABLE_OBJC_ARC = YES;
				CLANG_ENABLE_OBJC_WEAK = YES;
				CLANG_WARN_BLOCK_CAPTURE_AUTORELEASING = YES;
				CLANG_WARN_BOOL_CONVERSION = YES;
				CLANG_WARN_COMMA = YES;
				CLANG_WARN_CONSTANT_CONVERSION = YES;
				CLANG_WARN_DEPRECATED_OBJC_IMPLEMENTATIONS = YES;
				CLANG_WARN_DIRECT_OBJC_ISA_USAGE = YES_ERROR;
				CLANG_WARN_DOCUMENTATION_COMMENTS = YES;
				CLANG_WARN_EMPTY_BODY = YES;
				CLANG_WARN_ENUM_CONVERSION = YES;
				CLANG_WARN_INFINITE_RECURSION = YES;
				CLANG_WARN_INT_CONVERSION = YES;
				CLANG_WARN_NON_LITERAL_NULL_CONVERSION = YES;
				CLANG_WARN_OBJC_IMPLICIT_RETAIN_SELF = YES;
				CLANG_WARN_OBJC_LITERAL_CONVERSION = YES;
				CLANG_WARN_OBJC_ROOT_CLASS = YES_ERROR;
				CLANG_WARN_QUOTED_INCLUDE_IN_FRAMEWORK_HEADER = YES;
				CLANG_WARN_RANGE_LOOP_ANALYSIS = YES;
				CLANG_WARN_STRICT_PROTOTYPES = YES;
				CLANG_WARN_SUSPICIOUS_MOVE = YES;
				CLANG_WARN_UNGUARDED_AVAILABILITY = YES_AGGRESSIVE;
				CLANG_WARN_UNREACHABLE_CODE = YES;
				CLANG_WARN__DUPLICATE_METHOD_MATCH = YES;
				COPY_PHASE_STRIP = NO;
				DEBUG_INFORMATION_FORMAT = dwarf;
				ENABLE_STRICT_OBJC_MSGSEND = YES;
				ENABLE_TESTABILITY = YES;
				ENABLE_USER_SCRIPT_SANDBOXING = YES;
				GCC_C_LANGUAGE_STANDARD = gnu17;
				GCC_DYNAMIC_NO_PIC = NO;
				GCC_NO_COMMON_BLOCKS = YES;
				GCC_OPTIMIZATION_LEVEL = 0;
				GCC_PREPROCESSOR_DEFINITIONS = (
					"DEBUG=1",
					"$(inherited)",
				);
				GCC_WARN_64_TO_32_BIT_CONVERSION = YES;
				GCC_WARN_ABOUT_RETURN_TYPE = YES_ERROR;
				GCC_WARN_UNDECLARED_SELECTOR = YES;
				GCC_WARN_UNINITIALIZED_AUTOS = YES_AGGRESSIVE;
				GCC_WARN_UNUSED_FUNCTION = YES;
				GCC_WARN_UNUSED_VARIABLE = YES;
				IPHONEOS_DEPLOYMENT_TARGET = 16.0;
				LOCALIZATION_PREFERS_STRING_CATALOGS = YES;
				MTL_ENABLE_DEBUG_INFO = INCLUDE_SOURCE;
				MTL_FAST_MATH = YES;
				ONLY_ACTIVE_ARCH = YES;
				SDKROOT = iphoneos;
				SWIFT_ACTIVE_COMPILATION_CONDITIONS = "DEBUG $(inherited)";
				SWIFT_OPTIMIZATION_LEVEL = "-Onone";
			};
			name = Debug;
		};
		B026734D2BAF6C7D00DDFA62 /* Release */ = {
			isa = XCBuildConfiguration;
			buildSettings = {
				ALWAYS_SEARCH_USER_PATHS = NO;
				ASSETCATALOG_COMPILER_GENERATE_SWIFT_ASSET_SYMBOL_EXTENSIONS = YES;
				CLANG_ANALYZER_NONNULL = YES;
				CLANG_ANALYZER_NUMBER_OBJECT_CONVERSION = YES_AGGRESSIVE;
				CLANG_CXX_LANGUAGE_STANDARD = "gnu++20";
				CLANG_ENABLE_MODULES = YES;
				CLANG_ENABLE_OBJC_ARC = YES;
				CLANG_ENABLE_OBJC_WEAK = YES;
				CLANG_WARN_BLOCK_CAPTURE_AUTORELEASING = YES;
				CLANG_WARN_BOOL_CONVERSION = YES;
				CLANG_WARN_COMMA = YES;
				CLANG_WARN_CONSTANT_CONVERSION = YES;
				CLANG_WARN_DEPRECATED_OBJC_IMPLEMENTATIONS = YES;
				CLANG_WARN_DIRECT_OBJC_ISA_USAGE = YES_ERROR;
				CLANG_WARN_DOCUMENTATION_COMMENTS = YES;
				CLANG_WARN_EMPTY_BODY = YES;
				CLANG_WARN_ENUM_CONVERSION = YES;
				CLANG_WARN_INFINITE_RECURSION = YES;
				CLANG_WARN_INT_CONVERSION = YES;
				CLANG_WARN_NON_LITERAL_NULL_CONVERSION = YES;
				CLANG_WARN_OBJC_IMPLICIT_RETAIN_SELF = YES;
				CLANG_WARN_OBJC_LITERAL_CONVERSION = YES;
				CLANG_WARN_OBJC_ROOT_CLASS = YES_ERROR;
				CLANG_WARN_QUOTED_INCLUDE_IN_FRAMEWORK_HEADER = YES;
				CLANG_WARN_RANGE_LOOP_ANALYSIS = YES;
				CLANG_WARN_STRICT_PROTOTYPES = YES;
				CLANG_WARN_SUSPICIOUS_MOVE = YES;
				CLANG_WARN_UNGUARDED_AVAILABILITY = YES_AGGRESSIVE;
				CLANG_WARN_UNREACHABLE_CODE = YES;
				CLANG_WARN__DUPLICATE_METHOD_MATCH = YES;
				COPY_PHASE_STRIP = NO;
				DEBUG_INFORMATION_FORMAT = "dwarf-with-dsym";
				ENABLE_NS_ASSERTIONS = NO;
				ENABLE_STRICT_OBJC_MSGSEND = YES;
				ENABLE_USER_SCRIPT_SANDBOXING = YES;
				GCC_C_LANGUAGE_STANDARD = gnu17;
				GCC_NO_COMMON_BLOCKS = YES;
				GCC_WARN_64_TO_32_BIT_CONVERSION = YES;
				GCC_WARN_ABOUT_RETURN_TYPE = YES_ERROR;
				GCC_WARN_UNDECLARED_SELECTOR = YES;
				GCC_WARN_UNINITIALIZED_AUTOS = YES_AGGRESSIVE;
				GCC_WARN_UNUSED_FUNCTION = YES;
				GCC_WARN_UNUSED_VARIABLE = YES;
				IPHONEOS_DEPLOYMENT_TARGET = 16.0;
				LOCALIZATION_PREFERS_STRING_CATALOGS = YES;
				MTL_ENABLE_DEBUG_INFO = NO;
				MTL_FAST_MATH = YES;
				SDKROOT = iphoneos;
				SWIFT_COMPILATION_MODE = wholemodule;
				VALIDATE_PRODUCT = YES;
			};
			name = Release;
		};
		B026734F2BAF6C7D00DDFA62 /* Debug */ = {
			isa = XCBuildConfiguration;
			buildSettings = {
				ASSETCATALOG_COMPILER_APPICON_NAME = AppIcon;
				ASSETCATALOG_COMPILER_GLOBAL_ACCENT_COLOR_NAME = AccentColor;
				CODE_SIGN_STYLE = Automatic;
				CURRENT_PROJECT_VERSION = 1;
				DEVELOPMENT_ASSET_PATHS = "\"HomeyPad/Preview Content\"";
				DEVELOPMENT_TEAM = 694886K98M;
				ENABLE_PREVIEWS = YES;
				GENERATE_INFOPLIST_FILE = YES;
				INFOPLIST_KEY_UIApplicationSceneManifest_Generation = YES;
				INFOPLIST_KEY_UIApplicationSupportsIndirectInputEvents = YES;
				INFOPLIST_KEY_UILaunchScreen_Generation = YES;
				INFOPLIST_KEY_UIRequiresFullScreen = YES;
				INFOPLIST_KEY_UISupportedInterfaceOrientations = UIInterfaceOrientationLandscapeLeft;
				INFOPLIST_KEY_UISupportedInterfaceOrientations_iPad = UIInterfaceOrientationLandscapeRight;
				LD_RUNPATH_SEARCH_PATHS = (
					"$(inherited)",
					"@executable_path/Frameworks",
				);
				MARKETING_VERSION = 1.0;
				PRODUCT_BUNDLE_IDENTIFIER = com.HomeyMusic.HomeyPad;
				PRODUCT_NAME = "$(TARGET_NAME)";
				SWIFT_EMIT_LOC_STRINGS = YES;
				SWIFT_VERSION = 5.0;
				TARGETED_DEVICE_FAMILY = "1,2";
			};
			name = Debug;
		};
		B02673502BAF6C7D00DDFA62 /* Release */ = {
			isa = XCBuildConfiguration;
			buildSettings = {
				ASSETCATALOG_COMPILER_APPICON_NAME = AppIcon;
				ASSETCATALOG_COMPILER_GLOBAL_ACCENT_COLOR_NAME = AccentColor;
				CODE_SIGN_STYLE = Automatic;
				CURRENT_PROJECT_VERSION = 1;
				DEVELOPMENT_ASSET_PATHS = "\"HomeyPad/Preview Content\"";
				DEVELOPMENT_TEAM = 694886K98M;
				ENABLE_PREVIEWS = YES;
				GENERATE_INFOPLIST_FILE = YES;
				INFOPLIST_KEY_UIApplicationSceneManifest_Generation = YES;
				INFOPLIST_KEY_UIApplicationSupportsIndirectInputEvents = YES;
				INFOPLIST_KEY_UILaunchScreen_Generation = YES;
				INFOPLIST_KEY_UIRequiresFullScreen = YES;
				INFOPLIST_KEY_UISupportedInterfaceOrientations = UIInterfaceOrientationLandscapeLeft;
				INFOPLIST_KEY_UISupportedInterfaceOrientations_iPad = UIInterfaceOrientationLandscapeRight;
				LD_RUNPATH_SEARCH_PATHS = (
					"$(inherited)",
					"@executable_path/Frameworks",
				);
				MARKETING_VERSION = 1.0;
				PRODUCT_BUNDLE_IDENTIFIER = com.HomeyMusic.HomeyPad;
				PRODUCT_NAME = "$(TARGET_NAME)";
				SWIFT_EMIT_LOC_STRINGS = YES;
				SWIFT_VERSION = 5.0;
				TARGETED_DEVICE_FAMILY = "1,2";
			};
			name = Release;
		};
/* End XCBuildConfiguration section */

/* Begin XCConfigurationList section */
		B026733B2BAF6C7C00DDFA62 /* Build configuration list for PBXProject "HomeyPad" */ = {
			isa = XCConfigurationList;
			buildConfigurations = (
				B026734C2BAF6C7D00DDFA62 /* Debug */,
				B026734D2BAF6C7D00DDFA62 /* Release */,
			);
			defaultConfigurationIsVisible = 0;
			defaultConfigurationName = Release;
		};
		B026734E2BAF6C7D00DDFA62 /* Build configuration list for PBXNativeTarget "HomeyPad" */ = {
			isa = XCConfigurationList;
			buildConfigurations = (
				B026734F2BAF6C7D00DDFA62 /* Debug */,
				B02673502BAF6C7D00DDFA62 /* Release */,
			);
			defaultConfigurationIsVisible = 0;
			defaultConfigurationName = Release;
		};
/* End XCConfigurationList section */

/* Begin XCLocalSwiftPackageReference section */
		B02440172BAF71710058EABF /* XCLocalSwiftPackageReference "../Tonic" */ = {
			isa = XCLocalSwiftPackageReference;
			relativePath = ../Tonic;
		};
		B024401A2BAF71870058EABF /* XCLocalSwiftPackageReference "../Keyboard" */ = {
			isa = XCLocalSwiftPackageReference;
			relativePath = ../Keyboard;
		};
/* End XCLocalSwiftPackageReference section */

/* Begin XCSwiftPackageProductDependency section */
		B02440182BAF71710058EABF /* Tonic */ = {
			isa = XCSwiftPackageProductDependency;
			productName = Tonic;
		};
		B024401B2BAF71870058EABF /* Keyboard */ = {
			isa = XCSwiftPackageProductDependency;
			productName = Keyboard;
		};
		B05097252BAF7096005F62EC /* Tonic */ = {
			isa = XCSwiftPackageProductDependency;
			productName = Tonic;
		};
/* End XCSwiftPackageProductDependency section */
	};
	rootObject = B02673382BAF6C7C00DDFA62 /* Project object */;
}
