// !$*UTF8*$!
{
	archiveVersion = 1;
	classes = {
	};
	objectVersion = 56;
	objects = {

/* Begin PBXBuildFile section */
		B023C5DD2CC2E27F00AC4D5F /* HomeyMusicKit in Frameworks */ = {isa = PBXBuildFile; productRef = B023C5DC2CC2E27F00AC4D5F /* HomeyMusicKit */; };
		B02673442BAF6C7C00DDFA62 /* HomeyPadApp.swift in Sources */ = {isa = PBXBuildFile; fileRef = B02673432BAF6C7C00DDFA62 /* HomeyPadApp.swift */; };
		B02673462BAF6C7C00DDFA62 /* ContentView.swift in Sources */ = {isa = PBXBuildFile; fileRef = B02673452BAF6C7C00DDFA62 /* ContentView.swift */; };
		B02673482BAF6C7D00DDFA62 /* Assets.xcassets in Resources */ = {isa = PBXBuildFile; fileRef = B02673472BAF6C7D00DDFA62 /* Assets.xcassets */; };
		B0279BC42D7F938C002E8C01 /* TonicAndModePickerView.swift in Sources */ = {isa = PBXBuildFile; fileRef = B0279BC32D7F9384002E8C01 /* TonicAndModePickerView.swift */; };
		B093E14C2CBD2DB800130B06 /* HeaderView.swift in Sources */ = {isa = PBXBuildFile; fileRef = B093E1452CBD2DB800130B06 /* HeaderView.swift */; };
		B093E14D2CBD2DB800130B06 /* HelpPopoverView.swift in Sources */ = {isa = PBXBuildFile; fileRef = B093E1462CBD2DB800130B06 /* HelpPopoverView.swift */; };
		B093E14E2CBD2DB800130B06 /* HelpView.swift in Sources */ = {isa = PBXBuildFile; fileRef = B093E1472CBD2DB800130B06 /* HelpView.swift */; };
		B093E1572CBD2DD600130B06 /* FooterView.swift in Sources */ = {isa = PBXBuildFile; fileRef = B093E1522CBD2DD600130B06 /* FooterView.swift */; };
		B0BDB6F02D99BB7B004617C0 /* ResetView.swift in Sources */ = {isa = PBXBuildFile; fileRef = B0BDB6EF2D99BB78004617C0 /* ResetView.swift */; };
		B0BF9C8B2BD090A0003B985B /* PrivacyInfo.xcprivacy in Resources */ = {isa = PBXBuildFile; fileRef = B0BF9C8A2BD090A0003B985B /* PrivacyInfo.xcprivacy */; };
/* End PBXBuildFile section */

/* Begin PBXFileReference section */
		B02673402BAF6C7C00DDFA62 /* HomeyPad.app */ = {isa = PBXFileReference; explicitFileType = wrapper.application; includeInIndex = 0; path = HomeyPad.app; sourceTree = BUILT_PRODUCTS_DIR; };
		B02673432BAF6C7C00DDFA62 /* HomeyPadApp.swift */ = {isa = PBXFileReference; lastKnownFileType = sourcecode.swift; path = HomeyPadApp.swift; sourceTree = "<group>"; };
		B02673452BAF6C7C00DDFA62 /* ContentView.swift */ = {isa = PBXFileReference; lastKnownFileType = sourcecode.swift; path = ContentView.swift; sourceTree = "<group>"; };
		B02673472BAF6C7D00DDFA62 /* Assets.xcassets */ = {isa = PBXFileReference; lastKnownFileType = folder.assetcatalog; path = Assets.xcassets; sourceTree = "<group>"; };
		B0279BC32D7F9384002E8C01 /* TonicAndModePickerView.swift */ = {isa = PBXFileReference; lastKnownFileType = sourcecode.swift; path = TonicAndModePickerView.swift; sourceTree = "<group>"; };
		B067B6DC2BCC662A00BC6C45 /* Info.plist */ = {isa = PBXFileReference; lastKnownFileType = text.plist; path = Info.plist; sourceTree = "<group>"; };
		B067B6DF2BCC699300BC6C45 /* HomeyPad.entitlements */ = {isa = PBXFileReference; lastKnownFileType = text.plist.entitlements; path = HomeyPad.entitlements; sourceTree = "<group>"; };
		B093E1452CBD2DB800130B06 /* HeaderView.swift */ = {isa = PBXFileReference; lastKnownFileType = sourcecode.swift; path = HeaderView.swift; sourceTree = "<group>"; };
		B093E1462CBD2DB800130B06 /* HelpPopoverView.swift */ = {isa = PBXFileReference; lastKnownFileType = sourcecode.swift; path = HelpPopoverView.swift; sourceTree = "<group>"; };
		B093E1472CBD2DB800130B06 /* HelpView.swift */ = {isa = PBXFileReference; lastKnownFileType = sourcecode.swift; path = HelpView.swift; sourceTree = "<group>"; };
		B093E1522CBD2DD600130B06 /* FooterView.swift */ = {isa = PBXFileReference; lastKnownFileType = sourcecode.swift; path = FooterView.swift; sourceTree = "<group>"; };
		B0BDB6EF2D99BB78004617C0 /* ResetView.swift */ = {isa = PBXFileReference; lastKnownFileType = sourcecode.swift; path = ResetView.swift; sourceTree = "<group>"; };
		B0BF9C8A2BD090A0003B985B /* PrivacyInfo.xcprivacy */ = {isa = PBXFileReference; lastKnownFileType = text.xml; path = PrivacyInfo.xcprivacy; sourceTree = "<group>"; };
		B0CF33DC2CA88D32002F6B55 /* HomeyMusicKit */ = {isa = PBXFileReference; lastKnownFileType = wrapper; name = HomeyMusicKit; path = ../HomeyMusicKit; sourceTree = SOURCE_ROOT; };
/* End PBXFileReference section */

/* Begin PBXFrameworksBuildPhase section */
		B026733D2BAF6C7C00DDFA62 /* Frameworks */ = {
			isa = PBXFrameworksBuildPhase;
			buildActionMask = 2147483647;
			files = (
				B023C5DD2CC2E27F00AC4D5F /* HomeyMusicKit in Frameworks */,
			);
			runOnlyForDeploymentPostprocessing = 0;
		};
/* End PBXFrameworksBuildPhase section */

/* Begin PBXGroup section */
		B02673372BAF6C7C00DDFA62 = {
			isa = PBXGroup;
			children = (
				B0CF33DC2CA88D32002F6B55 /* HomeyMusicKit */,
				B0BF9C8A2BD090A0003B985B /* PrivacyInfo.xcprivacy */,
				B02673422BAF6C7C00DDFA62 /* HomeyPad */,
				B02673412BAF6C7C00DDFA62 /* Products */,
			);
			sourceTree = "<group>";
		};
		B02673412BAF6C7C00DDFA62 /* Products */ = {
			isa = PBXGroup;
			children = (
				B02673402BAF6C7C00DDFA62 /* HomeyPad.app */,
			);
			name = Products;
			sourceTree = "<group>";
		};
		B02673422BAF6C7C00DDFA62 /* HomeyPad */ = {
			isa = PBXGroup;
			children = (
				B067B6DF2BCC699300BC6C45 /* HomeyPad.entitlements */,
				B067B6DC2BCC662A00BC6C45 /* Info.plist */,
				B02673432BAF6C7C00DDFA62 /* HomeyPadApp.swift */,
				B0497EFA2BB8B41900AE9FC0 /* Views */,
				B02673472BAF6C7D00DDFA62 /* Assets.xcassets */,
			);
			path = HomeyPad;
			sourceTree = "<group>";
		};
		B0497EFA2BB8B41900AE9FC0 /* Views */ = {
			isa = PBXGroup;
			children = (
				B02673452BAF6C7C00DDFA62 /* ContentView.swift */,
				B093E14B2CBD2DB800130B06 /* Header */,
				B093E1562CBD2DD600130B06 /* Footer */,
			);
			path = Views;
			sourceTree = "<group>";
		};
		B093E14B2CBD2DB800130B06 /* Header */ = {
			isa = PBXGroup;
			children = (
				B0BDB6EF2D99BB78004617C0 /* ResetView.swift */,
				B093E1452CBD2DB800130B06 /* HeaderView.swift */,
				B0279BC32D7F9384002E8C01 /* TonicAndModePickerView.swift */,
				B093E1462CBD2DB800130B06 /* HelpPopoverView.swift */,
				B093E1472CBD2DB800130B06 /* HelpView.swift */,
			);
			path = Header;
			sourceTree = "<group>";
		};
		B093E1562CBD2DD600130B06 /* Footer */ = {
			isa = PBXGroup;
			children = (
				B093E1522CBD2DD600130B06 /* FooterView.swift */,
			);
			path = Footer;
			sourceTree = "<group>";
		};
/* End PBXGroup section */

/* Begin PBXNativeTarget section */
		B026733F2BAF6C7C00DDFA62 /* HomeyPad */ = {
			isa = PBXNativeTarget;
			buildConfigurationList = B026734E2BAF6C7D00DDFA62 /* Build configuration list for PBXNativeTarget "HomeyPad" */;
			buildPhases = (
				B026733C2BAF6C7C00DDFA62 /* Sources */,
				B026733D2BAF6C7C00DDFA62 /* Frameworks */,
				B026733E2BAF6C7C00DDFA62 /* Resources */,
			);
			buildRules = (
			);
			dependencies = (
			);
			name = HomeyPad;
			packageProductDependencies = (
				B023C5DC2CC2E27F00AC4D5F /* HomeyMusicKit */,
			);
			productName = HomeyPad;
			productReference = B02673402BAF6C7C00DDFA62 /* HomeyPad.app */;
			productType = "com.apple.product-type.application";
		};
/* End PBXNativeTarget section */

/* Begin PBXProject section */
		B02673382BAF6C7C00DDFA62 /* Project object */ = {
			isa = PBXProject;
			attributes = {
				BuildIndependentTargetsInParallel = 1;
				LastSwiftUpdateCheck = 1530;
				LastUpgradeCheck = 1530;
				TargetAttributes = {
					B026733F2BAF6C7C00DDFA62 = {
						CreatedOnToolsVersion = 15.3;
					};
				};
			};
			buildConfigurationList = B026733B2BAF6C7C00DDFA62 /* Build configuration list for PBXProject "HomeyPad" */;
			compatibilityVersion = "Xcode 14.0";
			developmentRegion = en;
			hasScannedForEncodings = 0;
			knownRegions = (
				en,
				Base,
			);
			mainGroup = B02673372BAF6C7C00DDFA62;
			packageReferences = (
			);
			productRefGroup = B02673412BAF6C7C00DDFA62 /* Products */;
			projectDirPath = "";
			projectRoot = "";
			targets = (
				B026733F2BAF6C7C00DDFA62 /* HomeyPad */,
			);
		};
/* End PBXProject section */

/* Begin PBXResourcesBuildPhase section */
		B026733E2BAF6C7C00DDFA62 /* Resources */ = {
			isa = PBXResourcesBuildPhase;
			buildActionMask = 2147483647;
			files = (
				B0BF9C8B2BD090A0003B985B /* PrivacyInfo.xcprivacy in Resources */,
				B02673482BAF6C7D00DDFA62 /* Assets.xcassets in Resources */,
			);
			runOnlyForDeploymentPostprocessing = 0;
		};
/* End PBXResourcesBuildPhase section */

/* Begin PBXSourcesBuildPhase section */
		B026733C2BAF6C7C00DDFA62 /* Sources */ = {
			isa = PBXSourcesBuildPhase;
			buildActionMask = 2147483647;
			files = (
				B0BDB6F02D99BB7B004617C0 /* ResetView.swift in Sources */,
				B093E1572CBD2DD600130B06 /* FooterView.swift in Sources */,
				B02673462BAF6C7C00DDFA62 /* ContentView.swift in Sources */,
				B0279BC42D7F938C002E8C01 /* TonicAndModePickerView.swift in Sources */,
				B093E14C2CBD2DB800130B06 /* HeaderView.swift in Sources */,
				B093E14D2CBD2DB800130B06 /* HelpPopoverView.swift in Sources */,
				B093E14E2CBD2DB800130B06 /* HelpView.swift in Sources */,
				B02673442BAF6C7C00DDFA62 /* HomeyPadApp.swift in Sources */,
			);
			runOnlyForDeploymentPostprocessing = 0;
		};
/* End PBXSourcesBuildPhase section */

/* Begin XCBuildConfiguration section */
		B026734C2BAF6C7D00DDFA62 /* Debug */ = {
			isa = XCBuildConfiguration;
			buildSettings = {
				ALWAYS_SEARCH_USER_PATHS = NO;
				ASSETCATALOG_COMPILER_GENERATE_SWIFT_ASSET_SYMBOL_EXTENSIONS = YES;
				CLANG_ANALYZER_NONNULL = YES;
				CLANG_ANALYZER_NUMBER_OBJECT_CONVERSION = YES_AGGRESSIVE;
				CLANG_CXX_LANGUAGE_STANDARD = "gnu++20";
				CLANG_ENABLE_MODULES = YES;
				CLANG_ENABLE_OBJC_ARC = YES;
				CLANG_ENABLE_OBJC_WEAK = YES;
				CLANG_WARN_BLOCK_CAPTURE_AUTORELEASING = YES;
				CLANG_WARN_BOOL_CONVERSION = YES;
				CLANG_WARN_COMMA = YES;
				CLANG_WARN_CONSTANT_CONVERSION = YES;
				CLANG_WARN_DEPRECATED_OBJC_IMPLEMENTATIONS = YES;
				CLANG_WARN_DIRECT_OBJC_ISA_USAGE = YES_ERROR;
				CLANG_WARN_DOCUMENTATION_COMMENTS = YES;
				CLANG_WARN_EMPTY_BODY = YES;
				CLANG_WARN_ENUM_CONVERSION = YES;
				CLANG_WARN_INFINITE_RECURSION = YES;
				CLANG_WARN_INT_CONVERSION = YES;
				CLANG_WARN_NON_LITERAL_NULL_CONVERSION = YES;
				CLANG_WARN_OBJC_IMPLICIT_RETAIN_SELF = YES;
				CLANG_WARN_OBJC_LITERAL_CONVERSION = YES;
				CLANG_WARN_OBJC_ROOT_CLASS = YES_ERROR;
				CLANG_WARN_QUOTED_INCLUDE_IN_FRAMEWORK_HEADER = YES;
				CLANG_WARN_RANGE_LOOP_ANALYSIS = YES;
				CLANG_WARN_STRICT_PROTOTYPES = YES;
				CLANG_WARN_SUSPICIOUS_MOVE = YES;
				CLANG_WARN_UNGUARDED_AVAILABILITY = YES_AGGRESSIVE;
				CLANG_WARN_UNREACHABLE_CODE = YES;
				CLANG_WARN__DUPLICATE_METHOD_MATCH = YES;
				COPY_PHASE_STRIP = NO;
				DEBUG_INFORMATION_FORMAT = dwarf;
				ENABLE_STRICT_OBJC_MSGSEND = YES;
				ENABLE_TESTABILITY = YES;
				ENABLE_USER_SCRIPT_SANDBOXING = YES;
				GCC_C_LANGUAGE_STANDARD = gnu17;
				GCC_DYNAMIC_NO_PIC = NO;
				GCC_NO_COMMON_BLOCKS = YES;
				GCC_OPTIMIZATION_LEVEL = 0;
				GCC_PREPROCESSOR_DEFINITIONS = (
					"DEBUG=1",
					"$(inherited)",
				);
				GCC_WARN_64_TO_32_BIT_CONVERSION = YES;
				GCC_WARN_ABOUT_RETURN_TYPE = YES_ERROR;
				GCC_WARN_UNDECLARED_SELECTOR = YES;
				GCC_WARN_UNINITIALIZED_AUTOS = YES_AGGRESSIVE;
				GCC_WARN_UNUSED_FUNCTION = YES;
				GCC_WARN_UNUSED_VARIABLE = YES;
				IPHONEOS_DEPLOYMENT_TARGET = 17.0;
				LOCALIZATION_PREFERS_STRING_CATALOGS = YES;
				MTL_ENABLE_DEBUG_INFO = INCLUDE_SOURCE;
				MTL_FAST_MATH = YES;
				ONLY_ACTIVE_ARCH = YES;
				SDKROOT = iphoneos;
				SWIFT_ACTIVE_COMPILATION_CONDITIONS = "DEBUG $(inherited)";
				SWIFT_OPTIMIZATION_LEVEL = "-Onone";
			};
			name = Debug;
		};
		B026734D2BAF6C7D00DDFA62 /* Release */ = {
			isa = XCBuildConfiguration;
			buildSettings = {
				ALWAYS_SEARCH_USER_PATHS = NO;
				ASSETCATALOG_COMPILER_GENERATE_SWIFT_ASSET_SYMBOL_EXTENSIONS = YES;
				CLANG_ANALYZER_NONNULL = YES;
				CLANG_ANALYZER_NUMBER_OBJECT_CONVERSION = YES_AGGRESSIVE;
				CLANG_CXX_LANGUAGE_STANDARD = "gnu++20";
				CLANG_ENABLE_MODULES = YES;
				CLANG_ENABLE_OBJC_ARC = YES;
				CLANG_ENABLE_OBJC_WEAK = YES;
				CLANG_WARN_BLOCK_CAPTURE_AUTORELEASING = YES;
				CLANG_WARN_BOOL_CONVERSION = YES;
				CLANG_WARN_COMMA = YES;
				CLANG_WARN_CONSTANT_CONVERSION = YES;
				CLANG_WARN_DEPRECATED_OBJC_IMPLEMENTATIONS = YES;
				CLANG_WARN_DIRECT_OBJC_ISA_USAGE = YES_ERROR;
				CLANG_WARN_DOCUMENTATION_COMMENTS = YES;
				CLANG_WARN_EMPTY_BODY = YES;
				CLANG_WARN_ENUM_CONVERSION = YES;
				CLANG_WARN_INFINITE_RECURSION = YES;
				CLANG_WARN_INT_CONVERSION = YES;
				CLANG_WARN_NON_LITERAL_NULL_CONVERSION = YES;
				CLANG_WARN_OBJC_IMPLICIT_RETAIN_SELF = YES;
				CLANG_WARN_OBJC_LITERAL_CONVERSION = YES;
				CLANG_WARN_OBJC_ROOT_CLASS = YES_ERROR;
				CLANG_WARN_QUOTED_INCLUDE_IN_FRAMEWORK_HEADER = YES;
				CLANG_WARN_RANGE_LOOP_ANALYSIS = YES;
				CLANG_WARN_STRICT_PROTOTYPES = YES;
				CLANG_WARN_SUSPICIOUS_MOVE = YES;
				CLANG_WARN_UNGUARDED_AVAILABILITY = YES_AGGRESSIVE;
				CLANG_WARN_UNREACHABLE_CODE = YES;
				CLANG_WARN__DUPLICATE_METHOD_MATCH = YES;
				COPY_PHASE_STRIP = NO;
				DEBUG_INFORMATION_FORMAT = "dwarf-with-dsym";
				ENABLE_NS_ASSERTIONS = NO;
				ENABLE_STRICT_OBJC_MSGSEND = YES;
				ENABLE_USER_SCRIPT_SANDBOXING = YES;
				GCC_C_LANGUAGE_STANDARD = gnu17;
				GCC_NO_COMMON_BLOCKS = YES;
				GCC_WARN_64_TO_32_BIT_CONVERSION = YES;
				GCC_WARN_ABOUT_RETURN_TYPE = YES_ERROR;
				GCC_WARN_UNDECLARED_SELECTOR = YES;
				GCC_WARN_UNINITIALIZED_AUTOS = YES_AGGRESSIVE;
				GCC_WARN_UNUSED_FUNCTION = YES;
				GCC_WARN_UNUSED_VARIABLE = YES;
				IPHONEOS_DEPLOYMENT_TARGET = 17.0;
				LOCALIZATION_PREFERS_STRING_CATALOGS = YES;
				MTL_ENABLE_DEBUG_INFO = NO;
				MTL_FAST_MATH = YES;
				SDKROOT = iphoneos;
				SWIFT_COMPILATION_MODE = wholemodule;
				VALIDATE_PRODUCT = YES;
			};
			name = Release;
		};
		B026734F2BAF6C7D00DDFA62 /* Debug */ = {
			isa = XCBuildConfiguration;
			buildSettings = {
				ASSETCATALOG_COMPILER_APPICON_NAME = AppIcon;
				ASSETCATALOG_COMPILER_GLOBAL_ACCENT_COLOR_NAME = AccentColor;
				CODE_SIGN_ENTITLEMENTS = HomeyPad/HomeyPad.entitlements;
				CODE_SIGN_IDENTITY = "Apple Development";
				CODE_SIGN_STYLE = Automatic;
				CURRENT_PROJECT_VERSION = 1;
				DEVELOPMENT_TEAM = 694886K98M;
				ENABLE_PREVIEWS = NO;
				GENERATE_INFOPLIST_FILE = YES;
				INFOPLIST_FILE = HomeyPad/Info.plist;
				INFOPLIST_KEY_CFBundleDisplayName = "Homey Pad";
				INFOPLIST_KEY_LSApplicationCategoryType = "public.app-category.music";
				INFOPLIST_KEY_UIApplicationSceneManifest_Generation = YES;
				INFOPLIST_KEY_UIApplicationSupportsIndirectInputEvents = YES;
				INFOPLIST_KEY_UILaunchScreen_Generation = YES;
				INFOPLIST_KEY_UIRequiresFullScreen = YES;
				INFOPLIST_KEY_UISupportedInterfaceOrientations = UIInterfaceOrientationLandscapeLeft;
				INFOPLIST_KEY_UISupportedInterfaceOrientations_iPad = UIInterfaceOrientationLandscapeRight;
				IPHONEOS_DEPLOYMENT_TARGET = 18.0;
				LD_RUNPATH_SEARCH_PATHS = (
					"$(inherited)",
					"@executable_path/Frameworks",
				);
				MACOSX_DEPLOYMENT_TARGET = 15.0;
				MARKETING_VERSION = 1.2.4;
				PRODUCT_BUNDLE_IDENTIFIER = com.homeymusic.HomeyPad;
				PRODUCT_NAME = "$(TARGET_NAME)";
				PROVISIONING_PROFILE_SPECIFIER = "";
				REGISTER_APP_GROUPS = NO;
				SUPPORTED_PLATFORMS = "iphoneos iphonesimulator macosx";
				SUPPORTS_MACCATALYST = NO;
				SUPPORTS_MAC_DESIGNED_FOR_IPHONE_IPAD = NO;
				SUPPORTS_XR_DESIGNED_FOR_IPHONE_IPAD = NO;
				SWIFT_EMIT_LOC_STRINGS = YES;
				SWIFT_VERSION = 5.0;
				TARGETED_DEVICE_FAMILY = "1,2";
			};
			name = Debug;
		};
		B02673502BAF6C7D00DDFA62 /* Release */ = {
			isa = XCBuildConfiguration;
			buildSettings = {
				ASSETCATALOG_COMPILER_APPICON_NAME = AppIcon;
				ASSETCATALOG_COMPILER_GLOBAL_ACCENT_COLOR_NAME = AccentColor;
				CODE_SIGN_ENTITLEMENTS = HomeyPad/HomeyPad.entitlements;
				CODE_SIGN_IDENTITY = "Apple Development";
				CODE_SIGN_STYLE = Automatic;
				CURRENT_PROJECT_VERSION = 1;
				DEVELOPMENT_TEAM = 694886K98M;
				ENABLE_PREVIEWS = NO;
				GENERATE_INFOPLIST_FILE = YES;
				INFOPLIST_FILE = HomeyPad/Info.plist;
				INFOPLIST_KEY_CFBundleDisplayName = "Homey Pad";
				INFOPLIST_KEY_LSApplicationCategoryType = "public.app-category.music";
				INFOPLIST_KEY_UIApplicationSceneManifest_Generation = YES;
				INFOPLIST_KEY_UIApplicationSupportsIndirectInputEvents = YES;
				INFOPLIST_KEY_UILaunchScreen_Generation = YES;
				INFOPLIST_KEY_UIRequiresFullScreen = YES;
				INFOPLIST_KEY_UISupportedInterfaceOrientations = UIInterfaceOrientationLandscapeLeft;
				INFOPLIST_KEY_UISupportedInterfaceOrientations_iPad = UIInterfaceOrientationLandscapeRight;
				IPHONEOS_DEPLOYMENT_TARGET = 18.0;
				LD_RUNPATH_SEARCH_PATHS = (
					"$(inherited)",
					"@executable_path/Frameworks",
				);
				MACOSX_DEPLOYMENT_TARGET = 15.0;
				MARKETING_VERSION = 1.2.4;
				PRODUCT_BUNDLE_IDENTIFIER = com.homeymusic.HomeyPad;
				PRODUCT_NAME = "$(TARGET_NAME)";
				PROVISIONING_PROFILE_SPECIFIER = "";
				REGISTER_APP_GROUPS = NO;
				SUPPORTED_PLATFORMS = "iphoneos iphonesimulator macosx";
				SUPPORTS_MACCATALYST = NO;
				SUPPORTS_MAC_DESIGNED_FOR_IPHONE_IPAD = NO;
				SUPPORTS_XR_DESIGNED_FOR_IPHONE_IPAD = NO;
				SWIFT_EMIT_LOC_STRINGS = YES;
				SWIFT_VERSION = 5.0;
				TARGETED_DEVICE_FAMILY = "1,2";
			};
			name = Release;
		};
/* End XCBuildConfiguration section */

/* Begin XCConfigurationList section */
		B026733B2BAF6C7C00DDFA62 /* Build configuration list for PBXProject "HomeyPad" */ = {
			isa = XCConfigurationList;
			buildConfigurations = (
				B026734C2BAF6C7D00DDFA62 /* Debug */,
				B026734D2BAF6C7D00DDFA62 /* Release */,
			);
			defaultConfigurationIsVisible = 0;
			defaultConfigurationName = Release;
		};
		B026734E2BAF6C7D00DDFA62 /* Build configuration list for PBXNativeTarget "HomeyPad" */ = {
			isa = XCConfigurationList;
			buildConfigurations = (
				B026734F2BAF6C7D00DDFA62 /* Debug */,
				B02673502BAF6C7D00DDFA62 /* Release */,
			);
			defaultConfigurationIsVisible = 0;
			defaultConfigurationName = Release;
		};
/* End XCConfigurationList section */

/* Begin XCSwiftPackageProductDependency section */
		B023C5DC2CC2E27F00AC4D5F /* HomeyMusicKit */ = {
			isa = XCSwiftPackageProductDependency;
			productName = HomeyMusicKit;
		};
/* End XCSwiftPackageProductDependency section */
	};
	rootObject = B02673382BAF6C7C00DDFA62 /* Project object */;
}
