// !$*UTF8*$!
{
	archiveVersion = 1;
	classes = {
	};
	objectVersion = 56;
	objects = {

/* Begin PBXBuildFile section */
		B023C5DD2CC2E27F00AC4D5F /* HomeyMusicKit in Frameworks */ = {isa = PBXBuildFile; productRef = B023C5DC2CC2E27F00AC4D5F /* HomeyMusicKit */; };
		B02673442BAF6C7C00DDFA62 /* HomeyPadApp.swift in Sources */ = {isa = PBXBuildFile; fileRef = B02673432BAF6C7C00DDFA62 /* HomeyPadApp.swift */; };
		B02673462BAF6C7C00DDFA62 /* ContentView.swift in Sources */ = {isa = PBXBuildFile; fileRef = B02673452BAF6C7C00DDFA62 /* ContentView.swift */; };
		B02673482BAF6C7D00DDFA62 /* Assets.xcassets in Resources */ = {isa = PBXBuildFile; fileRef = B02673472BAF6C7D00DDFA62 /* Assets.xcassets */; };
		B02851D12D6F63F5009B7F92 /* SynthConductor.swift in Sources */ = {isa = PBXBuildFile; fileRef = B02851D02D6F63F5009B7F92 /* SynthConductor.swift */; };
		B067B6EB2BCF035F00BC6C45 /* LayoutPalette.swift in Sources */ = {isa = PBXBuildFile; fileRef = B067B6EA2BCF035F00BC6C45 /* LayoutPalette.swift */; };
		B067B6ED2BCF199400BC6C45 /* LayoutLabel.swift in Sources */ = {isa = PBXBuildFile; fileRef = B067B6EC2BCF199400BC6C45 /* LayoutLabel.swift */; };
		B067B6F12BCF727E00BC6C45 /* LayoutRowsCols.swift in Sources */ = {isa = PBXBuildFile; fileRef = B067B6F02BCF727E00BC6C45 /* LayoutRowsCols.swift */; };
		B06CC5922D6D193500290353 /* PitchLabelView.swift in Sources */ = {isa = PBXBuildFile; fileRef = B06CC5912D6D193500290353 /* PitchLabelView.swift */; };
		B06CC5952D6D1DF100290353 /* ModePickerView.swift in Sources */ = {isa = PBXBuildFile; fileRef = B06CC5942D6D1DEC00290353 /* ModePickerView.swift */; };
		B06CC5A02D6D21DC00290353 /* ModeView.swift in Sources */ = {isa = PBXBuildFile; fileRef = B06CC59F2D6D21D800290353 /* ModeView.swift */; };
		B06CC5A22D6D258C00290353 /* ModeLabelView.swift in Sources */ = {isa = PBXBuildFile; fileRef = B06CC5A12D6D258800290353 /* ModeLabelView.swift */; };
		B06CC5A42D6D274A00290353 /* ModeContainerView.swift in Sources */ = {isa = PBXBuildFile; fileRef = B06CC5A32D6D274400290353 /* ModeContainerView.swift */; };
		B06CC5A62D6D27AC00290353 /* ModeRectangles.swift in Sources */ = {isa = PBXBuildFile; fileRef = B06CC5A52D6D27A700290353 /* ModeRectangles.swift */; };
		B06CC5AA2D6D28A900290353 /* ModeKeyboardView.swift in Sources */ = {isa = PBXBuildFile; fileRef = B06CC5A92D6D28A500290353 /* ModeKeyboardView.swift */; };
		B07897E12CBABE0A00DBBAE2 /* AudioKit in Frameworks */ = {isa = PBXBuildFile; productRef = B07897E02CBABE0A00DBBAE2 /* AudioKit */; };
		B07897E72CBABEAF00DBBAE2 /* DunneAudioKit in Frameworks */ = {isa = PBXBuildFile; productRef = B07897E62CBABEAF00DBBAE2 /* DunneAudioKit */; };
		B079AA732CC055A0008A86D2 /* TonicPickerPitchLabelsPopoverView.swift in Sources */ = {isa = PBXBuildFile; fileRef = B079AA722CC055A0008A86D2 /* TonicPickerPitchLabelsPopoverView.swift */; };
		B093E14C2CBD2DB800130B06 /* HeaderView.swift in Sources */ = {isa = PBXBuildFile; fileRef = B093E1452CBD2DB800130B06 /* HeaderView.swift */; };
		B093E14D2CBD2DB800130B06 /* HelpPopoverView.swift in Sources */ = {isa = PBXBuildFile; fileRef = B093E1462CBD2DB800130B06 /* HelpPopoverView.swift */; };
		B093E14E2CBD2DB800130B06 /* HelpView.swift in Sources */ = {isa = PBXBuildFile; fileRef = B093E1472CBD2DB800130B06 /* HelpView.swift */; };
		B093E14F2CBD2DB800130B06 /* OctaveShiftView.swift in Sources */ = {isa = PBXBuildFile; fileRef = B093E1482CBD2DB800130B06 /* OctaveShiftView.swift */; };
		B093E1502CBD2DB800130B06 /* PitchDirectionPickerView.swift in Sources */ = {isa = PBXBuildFile; fileRef = B093E1492CBD2DB800130B06 /* PitchDirectionPickerView.swift */; };
		B093E1512CBD2DB800130B06 /* TonicPickerSettingsView.swift in Sources */ = {isa = PBXBuildFile; fileRef = B093E14A2CBD2DB800130B06 /* TonicPickerSettingsView.swift */; };
		B093E1572CBD2DD600130B06 /* FooterView.swift in Sources */ = {isa = PBXBuildFile; fileRef = B093E1522CBD2DD600130B06 /* FooterView.swift */; };
		B093E1582CBD2DD600130B06 /* LayoutAndPalletePickerView.swift in Sources */ = {isa = PBXBuildFile; fileRef = B093E1532CBD2DD600130B06 /* LayoutAndPalletePickerView.swift */; };
		B093E1592CBD2DD600130B06 /* PalettePopoverView.swift in Sources */ = {isa = PBXBuildFile; fileRef = B093E1542CBD2DD600130B06 /* PalettePopoverView.swift */; };
		B093E15A2CBD2DD600130B06 /* RowsColsPickerView.swift in Sources */ = {isa = PBXBuildFile; fileRef = B093E1552CBD2DD600130B06 /* RowsColsPickerView.swift */; };
		B0BF8E2C2CBD99F000E76B57 /* ViewConductor.swift in Sources */ = {isa = PBXBuildFile; fileRef = B0BF8E282CBD99F000E76B57 /* ViewConductor.swift */; };
		B0BF9C8B2BD090A0003B985B /* PrivacyInfo.xcprivacy in Resources */ = {isa = PBXBuildFile; fileRef = B0BF9C8A2BD090A0003B985B /* PrivacyInfo.xcprivacy */; };
		B0C7FD302BBAFB16006FF26F /* PitchRectangles.swift in Sources */ = {isa = PBXBuildFile; fileRef = B0C7FD2C2BBAFB16006FF26F /* PitchRectangles.swift */; };
		B0C7FD322BBAFB16006FF26F /* PitchContainerView.swift in Sources */ = {isa = PBXBuildFile; fileRef = B0C7FD1E2BBAFB16006FF26F /* PitchContainerView.swift */; };
		B0C7FD332BBAFB16006FF26F /* PitchView.swift in Sources */ = {isa = PBXBuildFile; fileRef = B0C7FD1F2BBAFB16006FF26F /* PitchView.swift */; };
		B0C7FD342BBAFB16006FF26F /* PitchKeyboardView.swift in Sources */ = {isa = PBXBuildFile; fileRef = B0C7FD292BBAFB16006FF26F /* PitchKeyboardView.swift */; };
		B0C7FD352BBAFB16006FF26F /* KeyboardKeyMultitouchView.swift in Sources */ = {isa = PBXBuildFile; fileRef = B0C7FD2A2BBAFB16006FF26F /* KeyboardKeyMultitouchView.swift */; };
		B0C7FD3A2BBAFB29006FF26F /* PianoView.swift in Sources */ = {isa = PBXBuildFile; fileRef = B0C7FD232BBAFB16006FF26F /* PianoView.swift */; };
		B0C7FD3B2BBAFB29006FF26F /* IsomorphicView.swift in Sources */ = {isa = PBXBuildFile; fileRef = B0C7FD212BBAFB16006FF26F /* IsomorphicView.swift */; };
		B0C7FD3C2BBAFB29006FF26F /* StringsView.swift in Sources */ = {isa = PBXBuildFile; fileRef = B0C7FD202BBAFB16006FF26F /* StringsView.swift */; };
		B0C7FD3D2BBAFB29006FF26F /* SymmetricView.swift in Sources */ = {isa = PBXBuildFile; fileRef = B0C7FD252BBAFB16006FF26F /* SymmetricView.swift */; };
		B0DD836E2CC2028E001A0BE4 /* MIDIKit in Frameworks */ = {isa = PBXBuildFile; productRef = B0DD836D2CC2028E001A0BE4 /* MIDIKit */; };
		B0DD83702CC2028E001A0BE4 /* MIDIKitControlSurfaces in Frameworks */ = {isa = PBXBuildFile; productRef = B0DD836F2CC2028E001A0BE4 /* MIDIKitControlSurfaces */; };
		B0DD83722CC2028E001A0BE4 /* MIDIKitCore in Frameworks */ = {isa = PBXBuildFile; productRef = B0DD83712CC2028E001A0BE4 /* MIDIKitCore */; };
		B0DD83742CC2028E001A0BE4 /* MIDIKitIO in Frameworks */ = {isa = PBXBuildFile; productRef = B0DD83732CC2028E001A0BE4 /* MIDIKitIO */; };
		B0DD83762CC2028E001A0BE4 /* MIDIKitSMF in Frameworks */ = {isa = PBXBuildFile; productRef = B0DD83752CC2028E001A0BE4 /* MIDIKitSMF */; };
		B0E25F7E2BC7EF640072A09A /* TonicPickerView.swift in Sources */ = {isa = PBXBuildFile; fileRef = B0E25F7D2BC7EF640072A09A /* TonicPickerView.swift */; };
		B0F4FA4A2CBDC776004AC8E6 /* KeyboardKeyLabelsPopoverView.swift in Sources */ = {isa = PBXBuildFile; fileRef = B0F4FA492CBDC771004AC8E6 /* KeyboardKeyLabelsPopoverView.swift */; };
/* End PBXBuildFile section */

/* Begin PBXFileReference section */
		B02673402BAF6C7C00DDFA62 /* HomeyPad.app */ = {isa = PBXFileReference; explicitFileType = wrapper.application; includeInIndex = 0; path = HomeyPad.app; sourceTree = BUILT_PRODUCTS_DIR; };
		B02673432BAF6C7C00DDFA62 /* HomeyPadApp.swift */ = {isa = PBXFileReference; lastKnownFileType = sourcecode.swift; path = HomeyPadApp.swift; sourceTree = "<group>"; };
		B02673452BAF6C7C00DDFA62 /* ContentView.swift */ = {isa = PBXFileReference; lastKnownFileType = sourcecode.swift; path = ContentView.swift; sourceTree = "<group>"; };
		B02673472BAF6C7D00DDFA62 /* Assets.xcassets */ = {isa = PBXFileReference; lastKnownFileType = folder.assetcatalog; path = Assets.xcassets; sourceTree = "<group>"; };
		B02851D02D6F63F5009B7F92 /* SynthConductor.swift */ = {isa = PBXFileReference; lastKnownFileType = sourcecode.swift; path = SynthConductor.swift; sourceTree = "<group>"; };
		B067B6DC2BCC662A00BC6C45 /* Info.plist */ = {isa = PBXFileReference; lastKnownFileType = text.plist; path = Info.plist; sourceTree = "<group>"; };
		B067B6DF2BCC699300BC6C45 /* HomeyPad.entitlements */ = {isa = PBXFileReference; lastKnownFileType = text.plist.entitlements; path = HomeyPad.entitlements; sourceTree = "<group>"; };
		B067B6EA2BCF035F00BC6C45 /* LayoutPalette.swift */ = {isa = PBXFileReference; lastKnownFileType = sourcecode.swift; path = LayoutPalette.swift; sourceTree = "<group>"; };
		B067B6EC2BCF199400BC6C45 /* LayoutLabel.swift */ = {isa = PBXFileReference; lastKnownFileType = sourcecode.swift; path = LayoutLabel.swift; sourceTree = "<group>"; };
		B067B6F02BCF727E00BC6C45 /* LayoutRowsCols.swift */ = {isa = PBXFileReference; lastKnownFileType = sourcecode.swift; path = LayoutRowsCols.swift; sourceTree = "<group>"; };
		B06CC5912D6D193500290353 /* PitchLabelView.swift */ = {isa = PBXFileReference; lastKnownFileType = sourcecode.swift; path = PitchLabelView.swift; sourceTree = "<group>"; };
		B06CC5942D6D1DEC00290353 /* ModePickerView.swift */ = {isa = PBXFileReference; lastKnownFileType = sourcecode.swift; path = ModePickerView.swift; sourceTree = "<group>"; };
		B06CC59F2D6D21D800290353 /* ModeView.swift */ = {isa = PBXFileReference; lastKnownFileType = sourcecode.swift; path = ModeView.swift; sourceTree = "<group>"; };
		B06CC5A12D6D258800290353 /* ModeLabelView.swift */ = {isa = PBXFileReference; lastKnownFileType = sourcecode.swift; path = ModeLabelView.swift; sourceTree = "<group>"; };
		B06CC5A32D6D274400290353 /* ModeContainerView.swift */ = {isa = PBXFileReference; lastKnownFileType = sourcecode.swift; path = ModeContainerView.swift; sourceTree = "<group>"; };
		B06CC5A52D6D27A700290353 /* ModeRectangles.swift */ = {isa = PBXFileReference; lastKnownFileType = sourcecode.swift; path = ModeRectangles.swift; sourceTree = "<group>"; };
		B06CC5A92D6D28A500290353 /* ModeKeyboardView.swift */ = {isa = PBXFileReference; lastKnownFileType = sourcecode.swift; path = ModeKeyboardView.swift; sourceTree = "<group>"; };
		B079AA722CC055A0008A86D2 /* TonicPickerPitchLabelsPopoverView.swift */ = {isa = PBXFileReference; lastKnownFileType = sourcecode.swift; path = TonicPickerPitchLabelsPopoverView.swift; sourceTree = "<group>"; };
		B093E1452CBD2DB800130B06 /* HeaderView.swift */ = {isa = PBXFileReference; lastKnownFileType = sourcecode.swift; path = HeaderView.swift; sourceTree = "<group>"; };
		B093E1462CBD2DB800130B06 /* HelpPopoverView.swift */ = {isa = PBXFileReference; lastKnownFileType = sourcecode.swift; path = HelpPopoverView.swift; sourceTree = "<group>"; };
		B093E1472CBD2DB800130B06 /* HelpView.swift */ = {isa = PBXFileReference; lastKnownFileType = sourcecode.swift; path = HelpView.swift; sourceTree = "<group>"; };
		B093E1482CBD2DB800130B06 /* OctaveShiftView.swift */ = {isa = PBXFileReference; lastKnownFileType = sourcecode.swift; path = OctaveShiftView.swift; sourceTree = "<group>"; };
		B093E1492CBD2DB800130B06 /* PitchDirectionPickerView.swift */ = {isa = PBXFileReference; lastKnownFileType = sourcecode.swift; path = PitchDirectionPickerView.swift; sourceTree = "<group>"; };
		B093E14A2CBD2DB800130B06 /* TonicPickerSettingsView.swift */ = {isa = PBXFileReference; lastKnownFileType = sourcecode.swift; path = TonicPickerSettingsView.swift; sourceTree = "<group>"; };
		B093E1522CBD2DD600130B06 /* FooterView.swift */ = {isa = PBXFileReference; lastKnownFileType = sourcecode.swift; path = FooterView.swift; sourceTree = "<group>"; };
		B093E1532CBD2DD600130B06 /* LayoutAndPalletePickerView.swift */ = {isa = PBXFileReference; lastKnownFileType = sourcecode.swift; path = LayoutAndPalletePickerView.swift; sourceTree = "<group>"; };
		B093E1542CBD2DD600130B06 /* PalettePopoverView.swift */ = {isa = PBXFileReference; lastKnownFileType = sourcecode.swift; path = PalettePopoverView.swift; sourceTree = "<group>"; };
		B093E1552CBD2DD600130B06 /* RowsColsPickerView.swift */ = {isa = PBXFileReference; lastKnownFileType = sourcecode.swift; path = RowsColsPickerView.swift; sourceTree = "<group>"; };
		B0BF8E282CBD99F000E76B57 /* ViewConductor.swift */ = {isa = PBXFileReference; lastKnownFileType = sourcecode.swift; path = ViewConductor.swift; sourceTree = "<group>"; };
		B0BF9C8A2BD090A0003B985B /* PrivacyInfo.xcprivacy */ = {isa = PBXFileReference; lastKnownFileType = text.xml; path = PrivacyInfo.xcprivacy; sourceTree = "<group>"; };
		B0C7FD1E2BBAFB16006FF26F /* PitchContainerView.swift */ = {isa = PBXFileReference; lastKnownFileType = sourcecode.swift; path = PitchContainerView.swift; sourceTree = "<group>"; };
		B0C7FD1F2BBAFB16006FF26F /* PitchView.swift */ = {isa = PBXFileReference; lastKnownFileType = sourcecode.swift; path = PitchView.swift; sourceTree = "<group>"; };
		B0C7FD202BBAFB16006FF26F /* StringsView.swift */ = {isa = PBXFileReference; lastKnownFileType = sourcecode.swift; path = StringsView.swift; sourceTree = "<group>"; };
		B0C7FD212BBAFB16006FF26F /* IsomorphicView.swift */ = {isa = PBXFileReference; lastKnownFileType = sourcecode.swift; path = IsomorphicView.swift; sourceTree = "<group>"; };
		B0C7FD232BBAFB16006FF26F /* PianoView.swift */ = {isa = PBXFileReference; lastKnownFileType = sourcecode.swift; path = PianoView.swift; sourceTree = "<group>"; };
		B0C7FD252BBAFB16006FF26F /* SymmetricView.swift */ = {isa = PBXFileReference; lastKnownFileType = sourcecode.swift; path = SymmetricView.swift; sourceTree = "<group>"; };
		B0C7FD292BBAFB16006FF26F /* PitchKeyboardView.swift */ = {isa = PBXFileReference; lastKnownFileType = sourcecode.swift; path = PitchKeyboardView.swift; sourceTree = "<group>"; };
		B0C7FD2A2BBAFB16006FF26F /* KeyboardKeyMultitouchView.swift */ = {isa = PBXFileReference; lastKnownFileType = sourcecode.swift; path = KeyboardKeyMultitouchView.swift; sourceTree = "<group>"; };
		B0C7FD2C2BBAFB16006FF26F /* PitchRectangles.swift */ = {isa = PBXFileReference; lastKnownFileType = sourcecode.swift; path = PitchRectangles.swift; sourceTree = "<group>"; };
		B0CF33DC2CA88D32002F6B55 /* HomeyMusicKit */ = {isa = PBXFileReference; lastKnownFileType = wrapper; name = HomeyMusicKit; path = ../HomeyMusicKit; sourceTree = SOURCE_ROOT; };
		B0E25F7D2BC7EF640072A09A /* TonicPickerView.swift */ = {isa = PBXFileReference; lastKnownFileType = sourcecode.swift; path = TonicPickerView.swift; sourceTree = "<group>"; };
		B0F4FA492CBDC771004AC8E6 /* KeyboardKeyLabelsPopoverView.swift */ = {isa = PBXFileReference; lastKnownFileType = sourcecode.swift; path = KeyboardKeyLabelsPopoverView.swift; sourceTree = "<group>"; };
/* End PBXFileReference section */

/* Begin PBXFrameworksBuildPhase section */
		B026733D2BAF6C7C00DDFA62 /* Frameworks */ = {
			isa = PBXFrameworksBuildPhase;
			buildActionMask = 2147483647;
			files = (
				B023C5DD2CC2E27F00AC4D5F /* HomeyMusicKit in Frameworks */,
				B07897E12CBABE0A00DBBAE2 /* AudioKit in Frameworks */,
				B07897E72CBABEAF00DBBAE2 /* DunneAudioKit in Frameworks */,
				B0DD83702CC2028E001A0BE4 /* MIDIKitControlSurfaces in Frameworks */,
				B0DD83762CC2028E001A0BE4 /* MIDIKitSMF in Frameworks */,
				B0DD83722CC2028E001A0BE4 /* MIDIKitCore in Frameworks */,
				B0DD836E2CC2028E001A0BE4 /* MIDIKit in Frameworks */,
				B0DD83742CC2028E001A0BE4 /* MIDIKitIO in Frameworks */,
			);
			runOnlyForDeploymentPostprocessing = 0;
		};
/* End PBXFrameworksBuildPhase section */

/* Begin PBXGroup section */
		B02673372BAF6C7C00DDFA62 = {
			isa = PBXGroup;
			children = (
				B0CF33DC2CA88D32002F6B55 /* HomeyMusicKit */,
				B0BF9C8A2BD090A0003B985B /* PrivacyInfo.xcprivacy */,
				B02673422BAF6C7C00DDFA62 /* HomeyPad */,
				B0CF33DD2CA89078002F6B55 /* Frameworks */,
				B02673412BAF6C7C00DDFA62 /* Products */,
			);
			sourceTree = "<group>";
		};
		B02673412BAF6C7C00DDFA62 /* Products */ = {
			isa = PBXGroup;
			children = (
				B02673402BAF6C7C00DDFA62 /* HomeyPad.app */,
			);
			name = Products;
			sourceTree = "<group>";
		};
		B02673422BAF6C7C00DDFA62 /* HomeyPad */ = {
			isa = PBXGroup;
			children = (
				B067B6DF2BCC699300BC6C45 /* HomeyPad.entitlements */,
				B067B6DC2BCC662A00BC6C45 /* Info.plist */,
				B02673432BAF6C7C00DDFA62 /* HomeyPadApp.swift */,
				B02673452BAF6C7C00DDFA62 /* ContentView.swift */,
				B0BF8E292CBD99F000E76B57 /* Conductors */,
				B0497EFA2BB8B41900AE9FC0 /* Views */,
				B02673472BAF6C7D00DDFA62 /* Assets.xcassets */,
			);
			path = HomeyPad;
			sourceTree = "<group>";
		};
		B0497EFA2BB8B41900AE9FC0 /* Views */ = {
			isa = PBXGroup;
			children = (
				B093E14B2CBD2DB800130B06 /* Header */,
				B04CE2302BBB392700E8787D /* Keyboard */,
				B093E1562CBD2DD600130B06 /* Footer */,
			);
			path = Views;
			sourceTree = "<group>";
		};
		B04CE2262BBAFE5800E8787D /* Layouts */ = {
			isa = PBXGroup;
			children = (
				B0E25F7D2BC7EF640072A09A /* TonicPickerView.swift */,
				B06CC5942D6D1DEC00290353 /* ModePickerView.swift */,
				B0C7FD212BBAFB16006FF26F /* IsomorphicView.swift */,
				B0C7FD252BBAFB16006FF26F /* SymmetricView.swift */,
				B0C7FD232BBAFB16006FF26F /* PianoView.swift */,
				B0C7FD202BBAFB16006FF26F /* StringsView.swift */,
				B067B6F02BCF727E00BC6C45 /* LayoutRowsCols.swift */,
				B067B6EA2BCF035F00BC6C45 /* LayoutPalette.swift */,
				B067B6EC2BCF199400BC6C45 /* LayoutLabel.swift */,
			);
			path = Layouts;
			sourceTree = "<group>";
		};
		B04CE2302BBB392700E8787D /* Keyboard */ = {
			isa = PBXGroup;
			children = (
				B0C7FD292BBAFB16006FF26F /* PitchKeyboardView.swift */,
				B06CC5A92D6D28A500290353 /* ModeKeyboardView.swift */,
				B0C7FD2A2BBAFB16006FF26F /* KeyboardKeyMultitouchView.swift */,
				B04CE2262BBAFE5800E8787D /* Layouts */,
				B06CC5962D6D1F1F00290353 /* Mode */,
				B06CC5932D6D1A3600290353 /* Pitch */,
			);
			path = Keyboard;
			sourceTree = "<group>";
		};
		B06CC5932D6D1A3600290353 /* Pitch */ = {
			isa = PBXGroup;
			children = (
				B0C7FD1E2BBAFB16006FF26F /* PitchContainerView.swift */,
				B0C7FD2C2BBAFB16006FF26F /* PitchRectangles.swift */,
				B0C7FD1F2BBAFB16006FF26F /* PitchView.swift */,
				B06CC5912D6D193500290353 /* PitchLabelView.swift */,
			);
			path = Pitch;
			sourceTree = "<group>";
		};
		B06CC5962D6D1F1F00290353 /* Mode */ = {
			isa = PBXGroup;
			children = (
				B06CC5A52D6D27A700290353 /* ModeRectangles.swift */,
				B06CC5A32D6D274400290353 /* ModeContainerView.swift */,
				B06CC5A12D6D258800290353 /* ModeLabelView.swift */,
				B06CC59F2D6D21D800290353 /* ModeView.swift */,
			);
			path = Mode;
			sourceTree = "<group>";
		};
		B093E14B2CBD2DB800130B06 /* Header */ = {
			isa = PBXGroup;
			children = (
				B093E1452CBD2DB800130B06 /* HeaderView.swift */,
				B093E1482CBD2DB800130B06 /* OctaveShiftView.swift */,
				B093E14A2CBD2DB800130B06 /* TonicPickerSettingsView.swift */,
				B079AA722CC055A0008A86D2 /* TonicPickerPitchLabelsPopoverView.swift */,
				B093E1492CBD2DB800130B06 /* PitchDirectionPickerView.swift */,
				B093E1462CBD2DB800130B06 /* HelpPopoverView.swift */,
				B093E1472CBD2DB800130B06 /* HelpView.swift */,
			);
			path = Header;
			sourceTree = "<group>";
		};
		B093E1562CBD2DD600130B06 /* Footer */ = {
			isa = PBXGroup;
			children = (
				B0F4FA492CBDC771004AC8E6 /* KeyboardKeyLabelsPopoverView.swift */,
				B093E1522CBD2DD600130B06 /* FooterView.swift */,
				B093E1532CBD2DD600130B06 /* LayoutAndPalletePickerView.swift */,
				B093E1542CBD2DD600130B06 /* PalettePopoverView.swift */,
				B093E1552CBD2DD600130B06 /* RowsColsPickerView.swift */,
			);
			path = Footer;
			sourceTree = "<group>";
		};
		B0BF8E292CBD99F000E76B57 /* Conductors */ = {
			isa = PBXGroup;
			children = (
				B0BF8E282CBD99F000E76B57 /* ViewConductor.swift */,
				B02851D02D6F63F5009B7F92 /* SynthConductor.swift */,
			);
			path = Conductors;
			sourceTree = "<group>";
		};
		B0CF33DD2CA89078002F6B55 /* Frameworks */ = {
			isa = PBXGroup;
			children = (
			);
			name = Frameworks;
			sourceTree = "<group>";
		};
/* End PBXGroup section */

/* Begin PBXNativeTarget section */
		B026733F2BAF6C7C00DDFA62 /* HomeyPad */ = {
			isa = PBXNativeTarget;
			buildConfigurationList = B026734E2BAF6C7D00DDFA62 /* Build configuration list for PBXNativeTarget "HomeyPad" */;
			buildPhases = (
				B026733C2BAF6C7C00DDFA62 /* Sources */,
				B026733D2BAF6C7C00DDFA62 /* Frameworks */,
				B026733E2BAF6C7C00DDFA62 /* Resources */,
			);
			buildRules = (
			);
			dependencies = (
			);
			name = HomeyPad;
			packageProductDependencies = (
				B07897E02CBABE0A00DBBAE2 /* AudioKit */,
				B07897E62CBABEAF00DBBAE2 /* DunneAudioKit */,
				B0DD836D2CC2028E001A0BE4 /* MIDIKit */,
				B0DD836F2CC2028E001A0BE4 /* MIDIKitControlSurfaces */,
				B0DD83712CC2028E001A0BE4 /* MIDIKitCore */,
				B0DD83732CC2028E001A0BE4 /* MIDIKitIO */,
				B0DD83752CC2028E001A0BE4 /* MIDIKitSMF */,
				B023C5DC2CC2E27F00AC4D5F /* HomeyMusicKit */,
			);
			productName = HomeyPad;
			productReference = B02673402BAF6C7C00DDFA62 /* HomeyPad.app */;
			productType = "com.apple.product-type.application";
		};
/* End PBXNativeTarget section */

/* Begin PBXProject section */
		B02673382BAF6C7C00DDFA62 /* Project object */ = {
			isa = PBXProject;
			attributes = {
				BuildIndependentTargetsInParallel = 1;
				LastSwiftUpdateCheck = 1530;
				LastUpgradeCheck = 1530;
				TargetAttributes = {
					B026733F2BAF6C7C00DDFA62 = {
						CreatedOnToolsVersion = 15.3;
					};
				};
			};
			buildConfigurationList = B026733B2BAF6C7C00DDFA62 /* Build configuration list for PBXProject "HomeyPad" */;
			compatibilityVersion = "Xcode 14.0";
			developmentRegion = en;
			hasScannedForEncodings = 0;
			knownRegions = (
				en,
				Base,
			);
			mainGroup = B02673372BAF6C7C00DDFA62;
			packageReferences = (
				B07897DF2CBABE0A00DBBAE2 /* XCRemoteSwiftPackageReference "AudioKit" */,
				B07897E52CBABEAF00DBBAE2 /* XCRemoteSwiftPackageReference "DunneAudioKit" */,
				B0DD836C2CC2028E001A0BE4 /* XCRemoteSwiftPackageReference "MIDIKit" */,
			);
			productRefGroup = B02673412BAF6C7C00DDFA62 /* Products */;
			projectDirPath = "";
			projectRoot = "";
			targets = (
				B026733F2BAF6C7C00DDFA62 /* HomeyPad */,
			);
		};
/* End PBXProject section */

/* Begin PBXResourcesBuildPhase section */
		B026733E2BAF6C7C00DDFA62 /* Resources */ = {
			isa = PBXResourcesBuildPhase;
			buildActionMask = 2147483647;
			files = (
				B0BF9C8B2BD090A0003B985B /* PrivacyInfo.xcprivacy in Resources */,
				B02673482BAF6C7D00DDFA62 /* Assets.xcassets in Resources */,
			);
			runOnlyForDeploymentPostprocessing = 0;
		};
/* End PBXResourcesBuildPhase section */

/* Begin PBXSourcesBuildPhase section */
		B026733C2BAF6C7C00DDFA62 /* Sources */ = {
			isa = PBXSourcesBuildPhase;
			buildActionMask = 2147483647;
			files = (
				B06CC5A62D6D27AC00290353 /* ModeRectangles.swift in Sources */,
				B0C7FD3D2BBAFB29006FF26F /* SymmetricView.swift in Sources */,
				B093E1572CBD2DD600130B06 /* FooterView.swift in Sources */,
				B06CC5922D6D193500290353 /* PitchLabelView.swift in Sources */,
				B093E1582CBD2DD600130B06 /* LayoutAndPalletePickerView.swift in Sources */,
				B093E1592CBD2DD600130B06 /* PalettePopoverView.swift in Sources */,
				B093E15A2CBD2DD600130B06 /* RowsColsPickerView.swift in Sources */,
				B0BF8E2C2CBD99F000E76B57 /* ViewConductor.swift in Sources */,
				B0C7FD3C2BBAFB29006FF26F /* StringsView.swift in Sources */,
				B02673462BAF6C7C00DDFA62 /* ContentView.swift in Sources */,
				B06CC5A02D6D21DC00290353 /* ModeView.swift in Sources */,
				B093E14C2CBD2DB800130B06 /* HeaderView.swift in Sources */,
				B0F4FA4A2CBDC776004AC8E6 /* KeyboardKeyLabelsPopoverView.swift in Sources */,
				B093E14D2CBD2DB800130B06 /* HelpPopoverView.swift in Sources */,
				B02851D12D6F63F5009B7F92 /* SynthConductor.swift in Sources */,
				B093E14E2CBD2DB800130B06 /* HelpView.swift in Sources */,
				B06CC5A22D6D258C00290353 /* ModeLabelView.swift in Sources */,
				B093E14F2CBD2DB800130B06 /* OctaveShiftView.swift in Sources */,
				B093E1502CBD2DB800130B06 /* PitchDirectionPickerView.swift in Sources */,
				B093E1512CBD2DB800130B06 /* TonicPickerSettingsView.swift in Sources */,
				B02673442BAF6C7C00DDFA62 /* HomeyPadApp.swift in Sources */,
				B0C7FD332BBAFB16006FF26F /* PitchView.swift in Sources */,
				B0C7FD3A2BBAFB29006FF26F /* PianoView.swift in Sources */,
				B06CC5952D6D1DF100290353 /* ModePickerView.swift in Sources */,
				B0E25F7E2BC7EF640072A09A /* TonicPickerView.swift in Sources */,
				B0C7FD342BBAFB16006FF26F /* PitchKeyboardView.swift in Sources */,
				B067B6EB2BCF035F00BC6C45 /* LayoutPalette.swift in Sources */,
				B06CC5AA2D6D28A900290353 /* ModeKeyboardView.swift in Sources */,
				B067B6ED2BCF199400BC6C45 /* LayoutLabel.swift in Sources */,
				B079AA732CC055A0008A86D2 /* TonicPickerPitchLabelsPopoverView.swift in Sources */,
				B0C7FD3B2BBAFB29006FF26F /* IsomorphicView.swift in Sources */,
				B06CC5A42D6D274A00290353 /* ModeContainerView.swift in Sources */,
				B0C7FD352BBAFB16006FF26F /* KeyboardKeyMultitouchView.swift in Sources */,
				B0C7FD302BBAFB16006FF26F /* PitchRectangles.swift in Sources */,
				B0C7FD322BBAFB16006FF26F /* PitchContainerView.swift in Sources */,
				B067B6F12BCF727E00BC6C45 /* LayoutRowsCols.swift in Sources */,
			);
			runOnlyForDeploymentPostprocessing = 0;
		};
/* End PBXSourcesBuildPhase section */

/* Begin XCBuildConfiguration section */
		B026734C2BAF6C7D00DDFA62 /* Debug */ = {
			isa = XCBuildConfiguration;
			buildSettings = {
				ALWAYS_SEARCH_USER_PATHS = NO;
				ASSETCATALOG_COMPILER_GENERATE_SWIFT_ASSET_SYMBOL_EXTENSIONS = YES;
				CLANG_ANALYZER_NONNULL = YES;
				CLANG_ANALYZER_NUMBER_OBJECT_CONVERSION = YES_AGGRESSIVE;
				CLANG_CXX_LANGUAGE_STANDARD = "gnu++20";
				CLANG_ENABLE_MODULES = YES;
				CLANG_ENABLE_OBJC_ARC = YES;
				CLANG_ENABLE_OBJC_WEAK = YES;
				CLANG_WARN_BLOCK_CAPTURE_AUTORELEASING = YES;
				CLANG_WARN_BOOL_CONVERSION = YES;
				CLANG_WARN_COMMA = YES;
				CLANG_WARN_CONSTANT_CONVERSION = YES;
				CLANG_WARN_DEPRECATED_OBJC_IMPLEMENTATIONS = YES;
				CLANG_WARN_DIRECT_OBJC_ISA_USAGE = YES_ERROR;
				CLANG_WARN_DOCUMENTATION_COMMENTS = YES;
				CLANG_WARN_EMPTY_BODY = YES;
				CLANG_WARN_ENUM_CONVERSION = YES;
				CLANG_WARN_INFINITE_RECURSION = YES;
				CLANG_WARN_INT_CONVERSION = YES;
				CLANG_WARN_NON_LITERAL_NULL_CONVERSION = YES;
				CLANG_WARN_OBJC_IMPLICIT_RETAIN_SELF = YES;
				CLANG_WARN_OBJC_LITERAL_CONVERSION = YES;
				CLANG_WARN_OBJC_ROOT_CLASS = YES_ERROR;
				CLANG_WARN_QUOTED_INCLUDE_IN_FRAMEWORK_HEADER = YES;
				CLANG_WARN_RANGE_LOOP_ANALYSIS = YES;
				CLANG_WARN_STRICT_PROTOTYPES = YES;
				CLANG_WARN_SUSPICIOUS_MOVE = YES;
				CLANG_WARN_UNGUARDED_AVAILABILITY = YES_AGGRESSIVE;
				CLANG_WARN_UNREACHABLE_CODE = YES;
				CLANG_WARN__DUPLICATE_METHOD_MATCH = YES;
				COPY_PHASE_STRIP = NO;
				DEBUG_INFORMATION_FORMAT = dwarf;
				ENABLE_STRICT_OBJC_MSGSEND = YES;
				ENABLE_TESTABILITY = YES;
				ENABLE_USER_SCRIPT_SANDBOXING = YES;
				GCC_C_LANGUAGE_STANDARD = gnu17;
				GCC_DYNAMIC_NO_PIC = NO;
				GCC_NO_COMMON_BLOCKS = YES;
				GCC_OPTIMIZATION_LEVEL = 0;
				GCC_PREPROCESSOR_DEFINITIONS = (
					"DEBUG=1",
					"$(inherited)",
				);
				GCC_WARN_64_TO_32_BIT_CONVERSION = YES;
				GCC_WARN_ABOUT_RETURN_TYPE = YES_ERROR;
				GCC_WARN_UNDECLARED_SELECTOR = YES;
				GCC_WARN_UNINITIALIZED_AUTOS = YES_AGGRESSIVE;
				GCC_WARN_UNUSED_FUNCTION = YES;
				GCC_WARN_UNUSED_VARIABLE = YES;
				IPHONEOS_DEPLOYMENT_TARGET = 17.0;
				LOCALIZATION_PREFERS_STRING_CATALOGS = YES;
				MTL_ENABLE_DEBUG_INFO = INCLUDE_SOURCE;
				MTL_FAST_MATH = YES;
				ONLY_ACTIVE_ARCH = YES;
				SDKROOT = iphoneos;
				SWIFT_ACTIVE_COMPILATION_CONDITIONS = "DEBUG $(inherited)";
				SWIFT_OPTIMIZATION_LEVEL = "-Onone";
			};
			name = Debug;
		};
		B026734D2BAF6C7D00DDFA62 /* Release */ = {
			isa = XCBuildConfiguration;
			buildSettings = {
				ALWAYS_SEARCH_USER_PATHS = NO;
				ASSETCATALOG_COMPILER_GENERATE_SWIFT_ASSET_SYMBOL_EXTENSIONS = YES;
				CLANG_ANALYZER_NONNULL = YES;
				CLANG_ANALYZER_NUMBER_OBJECT_CONVERSION = YES_AGGRESSIVE;
				CLANG_CXX_LANGUAGE_STANDARD = "gnu++20";
				CLANG_ENABLE_MODULES = YES;
				CLANG_ENABLE_OBJC_ARC = YES;
				CLANG_ENABLE_OBJC_WEAK = YES;
				CLANG_WARN_BLOCK_CAPTURE_AUTORELEASING = YES;
				CLANG_WARN_BOOL_CONVERSION = YES;
				CLANG_WARN_COMMA = YES;
				CLANG_WARN_CONSTANT_CONVERSION = YES;
				CLANG_WARN_DEPRECATED_OBJC_IMPLEMENTATIONS = YES;
				CLANG_WARN_DIRECT_OBJC_ISA_USAGE = YES_ERROR;
				CLANG_WARN_DOCUMENTATION_COMMENTS = YES;
				CLANG_WARN_EMPTY_BODY = YES;
				CLANG_WARN_ENUM_CONVERSION = YES;
				CLANG_WARN_INFINITE_RECURSION = YES;
				CLANG_WARN_INT_CONVERSION = YES;
				CLANG_WARN_NON_LITERAL_NULL_CONVERSION = YES;
				CLANG_WARN_OBJC_IMPLICIT_RETAIN_SELF = YES;
				CLANG_WARN_OBJC_LITERAL_CONVERSION = YES;
				CLANG_WARN_OBJC_ROOT_CLASS = YES_ERROR;
				CLANG_WARN_QUOTED_INCLUDE_IN_FRAMEWORK_HEADER = YES;
				CLANG_WARN_RANGE_LOOP_ANALYSIS = YES;
				CLANG_WARN_STRICT_PROTOTYPES = YES;
				CLANG_WARN_SUSPICIOUS_MOVE = YES;
				CLANG_WARN_UNGUARDED_AVAILABILITY = YES_AGGRESSIVE;
				CLANG_WARN_UNREACHABLE_CODE = YES;
				CLANG_WARN__DUPLICATE_METHOD_MATCH = YES;
				COPY_PHASE_STRIP = NO;
				DEBUG_INFORMATION_FORMAT = "dwarf-with-dsym";
				ENABLE_NS_ASSERTIONS = NO;
				ENABLE_STRICT_OBJC_MSGSEND = YES;
				ENABLE_USER_SCRIPT_SANDBOXING = YES;
				GCC_C_LANGUAGE_STANDARD = gnu17;
				GCC_NO_COMMON_BLOCKS = YES;
				GCC_WARN_64_TO_32_BIT_CONVERSION = YES;
				GCC_WARN_ABOUT_RETURN_TYPE = YES_ERROR;
				GCC_WARN_UNDECLARED_SELECTOR = YES;
				GCC_WARN_UNINITIALIZED_AUTOS = YES_AGGRESSIVE;
				GCC_WARN_UNUSED_FUNCTION = YES;
				GCC_WARN_UNUSED_VARIABLE = YES;
				IPHONEOS_DEPLOYMENT_TARGET = 17.0;
				LOCALIZATION_PREFERS_STRING_CATALOGS = YES;
				MTL_ENABLE_DEBUG_INFO = NO;
				MTL_FAST_MATH = YES;
				SDKROOT = iphoneos;
				SWIFT_COMPILATION_MODE = wholemodule;
				VALIDATE_PRODUCT = YES;
			};
			name = Release;
		};
		B026734F2BAF6C7D00DDFA62 /* Debug */ = {
			isa = XCBuildConfiguration;
			buildSettings = {
				ASSETCATALOG_COMPILER_APPICON_NAME = AppIcon;
				ASSETCATALOG_COMPILER_GLOBAL_ACCENT_COLOR_NAME = AccentColor;
				CODE_SIGN_ENTITLEMENTS = HomeyPad/HomeyPad.entitlements;
				CODE_SIGN_IDENTITY = "Apple Development";
				CODE_SIGN_STYLE = Automatic;
				CURRENT_PROJECT_VERSION = 1;
				DEVELOPMENT_TEAM = 694886K98M;
				ENABLE_PREVIEWS = NO;
				GENERATE_INFOPLIST_FILE = YES;
				INFOPLIST_FILE = HomeyPad/Info.plist;
				INFOPLIST_KEY_CFBundleDisplayName = "Homey Pad";
				INFOPLIST_KEY_LSApplicationCategoryType = "public.app-category.music";
				INFOPLIST_KEY_UIApplicationSceneManifest_Generation = YES;
				INFOPLIST_KEY_UIApplicationSupportsIndirectInputEvents = YES;
				INFOPLIST_KEY_UILaunchScreen_Generation = YES;
				INFOPLIST_KEY_UIRequiresFullScreen = YES;
				INFOPLIST_KEY_UISupportedInterfaceOrientations = UIInterfaceOrientationLandscapeLeft;
				INFOPLIST_KEY_UISupportedInterfaceOrientations_iPad = UIInterfaceOrientationLandscapeRight;
				IPHONEOS_DEPLOYMENT_TARGET = 18.0;
				LD_RUNPATH_SEARCH_PATHS = (
					"$(inherited)",
					"@executable_path/Frameworks",
				);
				MARKETING_VERSION = 1.2.1;
				PRODUCT_BUNDLE_IDENTIFIER = com.homeymusic.HomeyPad;
				PRODUCT_NAME = "$(TARGET_NAME)";
				PROVISIONING_PROFILE_SPECIFIER = "";
				SUPPORTED_PLATFORMS = "iphoneos iphonesimulator";
				SUPPORTS_MACCATALYST = NO;
				SUPPORTS_MAC_DESIGNED_FOR_IPHONE_IPAD = NO;
				SUPPORTS_XR_DESIGNED_FOR_IPHONE_IPAD = NO;
				SWIFT_EMIT_LOC_STRINGS = YES;
				SWIFT_VERSION = 5.0;
				TARGETED_DEVICE_FAMILY = "1,2";
			};
			name = Debug;
		};
		B02673502BAF6C7D00DDFA62 /* Release */ = {
			isa = XCBuildConfiguration;
			buildSettings = {
				ASSETCATALOG_COMPILER_APPICON_NAME = AppIcon;
				ASSETCATALOG_COMPILER_GLOBAL_ACCENT_COLOR_NAME = AccentColor;
				CODE_SIGN_ENTITLEMENTS = HomeyPad/HomeyPad.entitlements;
				CODE_SIGN_IDENTITY = "Apple Development";
				CODE_SIGN_STYLE = Automatic;
				CURRENT_PROJECT_VERSION = 1;
				DEVELOPMENT_TEAM = 694886K98M;
				ENABLE_PREVIEWS = NO;
				GENERATE_INFOPLIST_FILE = YES;
				INFOPLIST_FILE = HomeyPad/Info.plist;
				INFOPLIST_KEY_CFBundleDisplayName = "Homey Pad";
				INFOPLIST_KEY_LSApplicationCategoryType = "public.app-category.music";
				INFOPLIST_KEY_UIApplicationSceneManifest_Generation = YES;
				INFOPLIST_KEY_UIApplicationSupportsIndirectInputEvents = YES;
				INFOPLIST_KEY_UILaunchScreen_Generation = YES;
				INFOPLIST_KEY_UIRequiresFullScreen = YES;
				INFOPLIST_KEY_UISupportedInterfaceOrientations = UIInterfaceOrientationLandscapeLeft;
				INFOPLIST_KEY_UISupportedInterfaceOrientations_iPad = UIInterfaceOrientationLandscapeRight;
				IPHONEOS_DEPLOYMENT_TARGET = 18.0;
				LD_RUNPATH_SEARCH_PATHS = (
					"$(inherited)",
					"@executable_path/Frameworks",
				);
				MARKETING_VERSION = 1.2.1;
				PRODUCT_BUNDLE_IDENTIFIER = com.homeymusic.HomeyPad;
				PRODUCT_NAME = "$(TARGET_NAME)";
				PROVISIONING_PROFILE_SPECIFIER = "";
				SUPPORTED_PLATFORMS = "iphoneos iphonesimulator";
				SUPPORTS_MACCATALYST = NO;
				SUPPORTS_MAC_DESIGNED_FOR_IPHONE_IPAD = NO;
				SUPPORTS_XR_DESIGNED_FOR_IPHONE_IPAD = NO;
				SWIFT_EMIT_LOC_STRINGS = YES;
				SWIFT_VERSION = 5.0;
				TARGETED_DEVICE_FAMILY = "1,2";
			};
			name = Release;
		};
/* End XCBuildConfiguration section */

/* Begin XCConfigurationList section */
		B026733B2BAF6C7C00DDFA62 /* Build configuration list for PBXProject "HomeyPad" */ = {
			isa = XCConfigurationList;
			buildConfigurations = (
				B026734C2BAF6C7D00DDFA62 /* Debug */,
				B026734D2BAF6C7D00DDFA62 /* Release */,
			);
			defaultConfigurationIsVisible = 0;
			defaultConfigurationName = Release;
		};
		B026734E2BAF6C7D00DDFA62 /* Build configuration list for PBXNativeTarget "HomeyPad" */ = {
			isa = XCConfigurationList;
			buildConfigurations = (
				B026734F2BAF6C7D00DDFA62 /* Debug */,
				B02673502BAF6C7D00DDFA62 /* Release */,
			);
			defaultConfigurationIsVisible = 0;
			defaultConfigurationName = Release;
		};
/* End XCConfigurationList section */

/* Begin XCRemoteSwiftPackageReference section */
		B07897DF2CBABE0A00DBBAE2 /* XCRemoteSwiftPackageReference "AudioKit" */ = {
			isa = XCRemoteSwiftPackageReference;
			repositoryURL = "https://github.com/AudioKit/AudioKit.git";
			requirement = {
				kind = upToNextMajorVersion;
				minimumVersion = 5.6.4;
			};
		};
		B07897E52CBABEAF00DBBAE2 /* XCRemoteSwiftPackageReference "DunneAudioKit" */ = {
			isa = XCRemoteSwiftPackageReference;
			repositoryURL = "https://github.com/AudioKit/DunneAudioKit.git";
			requirement = {
				kind = upToNextMajorVersion;
				minimumVersion = 5.6.1;
			};
		};
		B0DD836C2CC2028E001A0BE4 /* XCRemoteSwiftPackageReference "MIDIKit" */ = {
			isa = XCRemoteSwiftPackageReference;
			repositoryURL = "https://github.com/orchetect/MIDIKit";
			requirement = {
				kind = upToNextMajorVersion;
				minimumVersion = 0.9.7;
			};
		};
/* End XCRemoteSwiftPackageReference section */

/* Begin XCSwiftPackageProductDependency section */
		B023C5DC2CC2E27F00AC4D5F /* HomeyMusicKit */ = {
			isa = XCSwiftPackageProductDependency;
			productName = HomeyMusicKit;
		};
		B07897E02CBABE0A00DBBAE2 /* AudioKit */ = {
			isa = XCSwiftPackageProductDependency;
			package = B07897DF2CBABE0A00DBBAE2 /* XCRemoteSwiftPackageReference "AudioKit" */;
			productName = AudioKit;
		};
		B07897E62CBABEAF00DBBAE2 /* DunneAudioKit */ = {
			isa = XCSwiftPackageProductDependency;
			package = B07897E52CBABEAF00DBBAE2 /* XCRemoteSwiftPackageReference "DunneAudioKit" */;
			productName = DunneAudioKit;
		};
		B0DD836D2CC2028E001A0BE4 /* MIDIKit */ = {
			isa = XCSwiftPackageProductDependency;
			package = B0DD836C2CC2028E001A0BE4 /* XCRemoteSwiftPackageReference "MIDIKit" */;
			productName = MIDIKit;
		};
		B0DD836F2CC2028E001A0BE4 /* MIDIKitControlSurfaces */ = {
			isa = XCSwiftPackageProductDependency;
			package = B0DD836C2CC2028E001A0BE4 /* XCRemoteSwiftPackageReference "MIDIKit" */;
			productName = MIDIKitControlSurfaces;
		};
		B0DD83712CC2028E001A0BE4 /* MIDIKitCore */ = {
			isa = XCSwiftPackageProductDependency;
			package = B0DD836C2CC2028E001A0BE4 /* XCRemoteSwiftPackageReference "MIDIKit" */;
			productName = MIDIKitCore;
		};
		B0DD83732CC2028E001A0BE4 /* MIDIKitIO */ = {
			isa = XCSwiftPackageProductDependency;
			package = B0DD836C2CC2028E001A0BE4 /* XCRemoteSwiftPackageReference "MIDIKit" */;
			productName = MIDIKitIO;
		};
		B0DD83752CC2028E001A0BE4 /* MIDIKitSMF */ = {
			isa = XCSwiftPackageProductDependency;
			package = B0DD836C2CC2028E001A0BE4 /* XCRemoteSwiftPackageReference "MIDIKit" */;
			productName = MIDIKitSMF;
		};
/* End XCSwiftPackageProductDependency section */
	};
	rootObject = B02673382BAF6C7C00DDFA62 /* Project object */;
}
